// !$*UTF8*$!
{
	archiveVersion = 1;
	classes = {
	};
	objectVersion = 46;
	objects = {

/* Begin PBXBuildFile section */
		7080104EA370D98E093C2982 /* libPods.a in Frameworks */ = {isa = PBXBuildFile; fileRef = 5280840961B0E58EE5223C9F /* libPods.a */; };
		DD01FED71A76DCB6004D1A4A /* MatchViewController.m in Sources */ = {isa = PBXBuildFile; fileRef = DD01FED61A76DCB6004D1A4A /* MatchViewController.m */; };
		DD01FEDB1A76DE58004D1A4A /* MatchesViewController.m in Sources */ = {isa = PBXBuildFile; fileRef = DD01FEDA1A76DE58004D1A4A /* MatchesViewController.m */; };
		DD4BB1831A82B52500170CF9 /* TransistionAnimator.m in Sources */ = {isa = PBXBuildFile; fileRef = DD4BB1821A82B52500170CF9 /* TransistionAnimator.m */; };
		DD507BB71A71AA4B00F5EF47 /* TestUser.m in Sources */ = {isa = PBXBuildFile; fileRef = DD507BB61A71AA4B00F5EF47 /* TestUser.m */; };
		DD507BBC1A71AC4300F5EF47 /* person1.jpeg in Resources */ = {isa = PBXBuildFile; fileRef = DD507BB81A71AC4300F5EF47 /* person1.jpeg */; };
		DD507BBD1A71AC4300F5EF47 /* person2.jpeg in Resources */ = {isa = PBXBuildFile; fileRef = DD507BB91A71AC4300F5EF47 /* person2.jpeg */; };
		DD507BBE1A71AC4300F5EF47 /* person3.jpg in Resources */ = {isa = PBXBuildFile; fileRef = DD507BBA1A71AC4300F5EF47 /* person3.jpg */; };
		DD507BBF1A71AC4300F5EF47 /* person4.jpeg in Resources */ = {isa = PBXBuildFile; fileRef = DD507BBB1A71AC4300F5EF47 /* person4.jpeg */; };
		DD612E961A6F000A002B6294 /* ProfileViewController.m in Sources */ = {isa = PBXBuildFile; fileRef = DD612E951A6F000A002B6294 /* ProfileViewController.m */; };
		DD6FFAE51A6D8BEC00816CDB /* HomeViewController.m in Sources */ = {isa = PBXBuildFile; fileRef = DD6FFAE41A6D8BEC00816CDB /* HomeViewController.m */; };
		DD6FFAE91A6D8E6000816CDB /* SettingsViewController.m in Sources */ = {isa = PBXBuildFile; fileRef = DD6FFAE81A6D8E6000816CDB /* SettingsViewController.m */; };
		DD6FFAED1A6DBBB100816CDB /* EditProfileViewController.m in Sources */ = {isa = PBXBuildFile; fileRef = DD6FFAEC1A6DBBB100816CDB /* EditProfileViewController.m */; };
		DD7CE0DE1A65C92700691BDD /* Constants.m in Sources */ = {isa = PBXBuildFile; fileRef = DD7CE0DD1A65C92700691BDD /* Constants.m */; };
		DD9F99481A62D818005B4445 /* main.m in Sources */ = {isa = PBXBuildFile; fileRef = DD9F99471A62D818005B4445 /* main.m */; };
		DD9F994B1A62D818005B4445 /* AppDelegate.m in Sources */ = {isa = PBXBuildFile; fileRef = DD9F994A1A62D818005B4445 /* AppDelegate.m */; };
		DD9F99541A62D818005B4445 /* Main.storyboard in Resources */ = {isa = PBXBuildFile; fileRef = DD9F99521A62D818005B4445 /* Main.storyboard */; };
		DD9F99561A62D818005B4445 /* Images.xcassets in Resources */ = {isa = PBXBuildFile; fileRef = DD9F99551A62D818005B4445 /* Images.xcassets */; };
		DD9F99591A62D818005B4445 /* LaunchScreen.xib in Resources */ = {isa = PBXBuildFile; fileRef = DD9F99571A62D818005B4445 /* LaunchScreen.xib */; };
		DD9F99651A62D818005B4445 /* MatchedUpTests.m in Sources */ = {isa = PBXBuildFile; fileRef = DD9F99641A62D818005B4445 /* MatchedUpTests.m */; };
		DD9F99701A62D8AF005B4445 /* LogInViewController.m in Sources */ = {isa = PBXBuildFile; fileRef = DD9F996F1A62D8AF005B4445 /* LogInViewController.m */; };
		DDDE03C81A76E051007F539B /* ChatViewController.m in Sources */ = {isa = PBXBuildFile; fileRef = DDDE03C71A76E051007F539B /* ChatViewController.m */; };
		DDF960CD1A7E77DD00AC8A0B /* defaultPrefsFile.plist in Resources */ = {isa = PBXBuildFile; fileRef = DDF960CC1A7E77DD00AC8A0B /* defaultPrefsFile.plist */; };
		DDF961721A7E9E0300AC8A0B /* BG.png in Resources */ = {isa = PBXBuildFile; fileRef = DDF960D11A7E9E0300AC8A0B /* BG.png */; };
		DDF961731A7E9E0300AC8A0B /* BG@2x.png in Resources */ = {isa = PBXBuildFile; fileRef = DDF960D21A7E9E0300AC8A0B /* BG@2x.png */; };
		DDF961741A7E9E0300AC8A0B /* BG.png in Resources */ = {isa = PBXBuildFile; fileRef = DDF960D31A7E9E0300AC8A0B /* BG.png */; };
		DDF961751A7E9E0300AC8A0B /* BG@2x.png in Resources */ = {isa = PBXBuildFile; fileRef = DDF960D41A7E9E0300AC8A0B /* BG@2x.png */; };
		DDF961761A7E9E0300AC8A0B /* Facebook.png in Resources */ = {isa = PBXBuildFile; fileRef = DDF960D61A7E9E0300AC8A0B /* Facebook.png */; };
		DDF961771A7E9E0300AC8A0B /* Facebook@2x.png in Resources */ = {isa = PBXBuildFile; fileRef = DDF960D71A7E9E0300AC8A0B /* Facebook@2x.png */; };
		DDF961781A7E9E0300AC8A0B /* Logo.png in Resources */ = {isa = PBXBuildFile; fileRef = DDF960D81A7E9E0300AC8A0B /* Logo.png */; };
		DDF961791A7E9E0300AC8A0B /* Logo@2x.png in Resources */ = {isa = PBXBuildFile; fileRef = DDF960D91A7E9E0300AC8A0B /* Logo@2x.png */; };
		DDF9617A1A7E9E0300AC8A0B /* BG.png in Resources */ = {isa = PBXBuildFile; fileRef = DDF960DB1A7E9E0300AC8A0B /* BG.png */; };
		DDF9617B1A7E9E0300AC8A0B /* BG@2x.png in Resources */ = {isa = PBXBuildFile; fileRef = DDF960DC1A7E9E0300AC8A0B /* BG@2x.png */; };
		DDF9617C1A7E9E0300AC8A0B /* ChatIcon.png in Resources */ = {isa = PBXBuildFile; fileRef = DDF960DD1A7E9E0300AC8A0B /* ChatIcon.png */; };
		DDF9617D1A7E9E0300AC8A0B /* ChatIcon@2x.png in Resources */ = {isa = PBXBuildFile; fileRef = DDF960DE1A7E9E0300AC8A0B /* ChatIcon@2x.png */; };
		DDF9617E1A7E9E0300AC8A0B /* DislikeIcon.png in Resources */ = {isa = PBXBuildFile; fileRef = DDF960DF1A7E9E0300AC8A0B /* DislikeIcon.png */; };
		DDF9617F1A7E9E0300AC8A0B /* DislikeIcon@2x.png in Resources */ = {isa = PBXBuildFile; fileRef = DDF960E01A7E9E0300AC8A0B /* DislikeIcon@2x.png */; };
		DDF961801A7E9E0300AC8A0B /* InfoIcon.png in Resources */ = {isa = PBXBuildFile; fileRef = DDF960E11A7E9E0300AC8A0B /* InfoIcon.png */; };
		DDF961811A7E9E0300AC8A0B /* InfoIcon@2x.png in Resources */ = {isa = PBXBuildFile; fileRef = DDF960E21A7E9E0300AC8A0B /* InfoIcon@2x.png */; };
		DDF961821A7E9E0300AC8A0B /* LikeIcon.png in Resources */ = {isa = PBXBuildFile; fileRef = DDF960E31A7E9E0300AC8A0B /* LikeIcon.png */; };
		DDF961831A7E9E0300AC8A0B /* LikeIcon@2x.png in Resources */ = {isa = PBXBuildFile; fileRef = DDF960E41A7E9E0300AC8A0B /* LikeIcon@2x.png */; };
		DDF961841A7E9E0300AC8A0B /* Matched-Up.png in Resources */ = {isa = PBXBuildFile; fileRef = DDF960E51A7E9E0300AC8A0B /* Matched-Up.png */; };
		DDF961851A7E9E0300AC8A0B /* Matched-Up@2x.png in Resources */ = {isa = PBXBuildFile; fileRef = DDF960E61A7E9E0300AC8A0B /* Matched-Up@2x.png */; };
		DDF961861A7E9E0300AC8A0B /* SettingIcon.png in Resources */ = {isa = PBXBuildFile; fileRef = DDF960E71A7E9E0300AC8A0B /* SettingIcon.png */; };
		DDF961871A7E9E0300AC8A0B /* SettingIcon@2x.png in Resources */ = {isa = PBXBuildFile; fileRef = DDF960E81A7E9E0300AC8A0B /* SettingIcon@2x.png */; };
		DDF961881A7E9E0300AC8A0B /* Top_NavBG.png in Resources */ = {isa = PBXBuildFile; fileRef = DDF960E91A7E9E0300AC8A0B /* Top_NavBG.png */; };
		DDF961891A7E9E0300AC8A0B /* Top_NavBG@2x.png in Resources */ = {isa = PBXBuildFile; fileRef = DDF960EA1A7E9E0300AC8A0B /* Top_NavBG@2x.png */; };
		DDF9618A1A7E9E0300AC8A0B /* User_Image.png in Resources */ = {isa = PBXBuildFile; fileRef = DDF960EB1A7E9E0300AC8A0B /* User_Image.png */; };
		DDF9618B1A7E9E0300AC8A0B /* User_Image@2x.png in Resources */ = {isa = PBXBuildFile; fileRef = DDF960EC1A7E9E0300AC8A0B /* User_Image@2x.png */; };
		DDF9618C1A7E9E0300AC8A0B /* VP_BG.png in Resources */ = {isa = PBXBuildFile; fileRef = DDF960ED1A7E9E0300AC8A0B /* VP_BG.png */; };
		DDF9618D1A7E9E0300AC8A0B /* VP_BG@2x.png in Resources */ = {isa = PBXBuildFile; fileRef = DDF960EE1A7E9E0300AC8A0B /* VP_BG@2x.png */; };
		DDF9618E1A7E9E0300AC8A0B /* About_BG.png in Resources */ = {isa = PBXBuildFile; fileRef = DDF960F01A7E9E0300AC8A0B /* About_BG.png */; };
		DDF9618F1A7E9E0300AC8A0B /* About_BG@2x.png in Resources */ = {isa = PBXBuildFile; fileRef = DDF960F11A7E9E0300AC8A0B /* About_BG@2x.png */; };
		DDF961901A7E9E0300AC8A0B /* AgeIcon.png in Resources */ = {isa = PBXBuildFile; fileRef = DDF960F21A7E9E0300AC8A0B /* AgeIcon.png */; };
		DDF961911A7E9E0300AC8A0B /* AgeIcon@2x.png in Resources */ = {isa = PBXBuildFile; fileRef = DDF960F31A7E9E0300AC8A0B /* AgeIcon@2x.png */; };
		DDF961921A7E9E0300AC8A0B /* BG.png in Resources */ = {isa = PBXBuildFile; fileRef = DDF960F41A7E9E0300AC8A0B /* BG.png */; };
		DDF961931A7E9E0300AC8A0B /* BG@2x.png in Resources */ = {isa = PBXBuildFile; fileRef = DDF960F51A7E9E0300AC8A0B /* BG@2x.png */; };
		DDF961941A7E9E0300AC8A0B /* ChatIcon.png in Resources */ = {isa = PBXBuildFile; fileRef = DDF960F61A7E9E0300AC8A0B /* ChatIcon.png */; };
		DDF961951A7E9E0300AC8A0B /* ChatIcon@2x.png in Resources */ = {isa = PBXBuildFile; fileRef = DDF960F71A7E9E0300AC8A0B /* ChatIcon@2x.png */; };
		DDF961961A7E9E0300AC8A0B /* DislikeIcon.png in Resources */ = {isa = PBXBuildFile; fileRef = DDF960F81A7E9E0300AC8A0B /* DislikeIcon.png */; };
		DDF961971A7E9E0300AC8A0B /* DislikeIcon@2x.png in Resources */ = {isa = PBXBuildFile; fileRef = DDF960F91A7E9E0300AC8A0B /* DislikeIcon@2x.png */; };
		DDF961981A7E9E0300AC8A0B /* InfoIcon.png in Resources */ = {isa = PBXBuildFile; fileRef = DDF960FA1A7E9E0300AC8A0B /* InfoIcon.png */; };
		DDF961991A7E9E0300AC8A0B /* InfoIcon@2x.png in Resources */ = {isa = PBXBuildFile; fileRef = DDF960FB1A7E9E0300AC8A0B /* InfoIcon@2x.png */; };
		DDF9619A1A7E9E0300AC8A0B /* LikeIcon.png in Resources */ = {isa = PBXBuildFile; fileRef = DDF960FC1A7E9E0300AC8A0B /* LikeIcon.png */; };
		DDF9619B1A7E9E0300AC8A0B /* LikeIcon@2x.png in Resources */ = {isa = PBXBuildFile; fileRef = DDF960FD1A7E9E0300AC8A0B /* LikeIcon@2x.png */; };
		DDF9619C1A7E9E0300AC8A0B /* location.png in Resources */ = {isa = PBXBuildFile; fileRef = DDF960FE1A7E9E0300AC8A0B /* location.png */; };
		DDF9619D1A7E9E0300AC8A0B /* location@2x.png in Resources */ = {isa = PBXBuildFile; fileRef = DDF960FF1A7E9E0300AC8A0B /* location@2x.png */; };
		DDF9619E1A7E9E0300AC8A0B /* NameAgeStatusBar.png in Resources */ = {isa = PBXBuildFile; fileRef = DDF961001A7E9E0300AC8A0B /* NameAgeStatusBar.png */; };
		DDF9619F1A7E9E0300AC8A0B /* NameAgeStatusBar@2x.png in Resources */ = {isa = PBXBuildFile; fileRef = DDF961011A7E9E0300AC8A0B /* NameAgeStatusBar@2x.png */; };
		DDF961A01A7E9E0300AC8A0B /* SettingIcon.png in Resources */ = {isa = PBXBuildFile; fileRef = DDF961021A7E9E0300AC8A0B /* SettingIcon.png */; };
		DDF961A11A7E9E0300AC8A0B /* SettingIcon@2x.png in Resources */ = {isa = PBXBuildFile; fileRef = DDF961031A7E9E0300AC8A0B /* SettingIcon@2x.png */; };
		DDF961A21A7E9E0300AC8A0B /* Single.png in Resources */ = {isa = PBXBuildFile; fileRef = DDF961041A7E9E0300AC8A0B /* Single.png */; };
		DDF961A31A7E9E0300AC8A0B /* Single@2x.png in Resources */ = {isa = PBXBuildFile; fileRef = DDF961051A7E9E0300AC8A0B /* Single@2x.png */; };
		DDF961A41A7E9E0300AC8A0B /* StatusIcon.png in Resources */ = {isa = PBXBuildFile; fileRef = DDF961061A7E9E0300AC8A0B /* StatusIcon.png */; };
		DDF961A51A7E9E0300AC8A0B /* StatusIcon@2x.png in Resources */ = {isa = PBXBuildFile; fileRef = DDF961071A7E9E0300AC8A0B /* StatusIcon@2x.png */; };
		DDF961A61A7E9E0300AC8A0B /* UserImage.png in Resources */ = {isa = PBXBuildFile; fileRef = DDF961081A7E9E0300AC8A0B /* UserImage.png */; };
		DDF961A71A7E9E0300AC8A0B /* UserImage@2x.png in Resources */ = {isa = PBXBuildFile; fileRef = DDF961091A7E9E0300AC8A0B /* UserImage@2x.png */; };
		DDF961A81A7E9E0300AC8A0B /* VP_BG.png in Resources */ = {isa = PBXBuildFile; fileRef = DDF9610A1A7E9E0300AC8A0B /* VP_BG.png */; };
		DDF961A91A7E9E0300AC8A0B /* VP_BG@2x.png in Resources */ = {isa = PBXBuildFile; fileRef = DDF9610B1A7E9E0300AC8A0B /* VP_BG@2x.png */; };
		DDF961AA1A7E9E0300AC8A0B /* back-icon.png in Resources */ = {isa = PBXBuildFile; fileRef = DDF9610D1A7E9E0300AC8A0B /* back-icon.png */; };
		DDF961AB1A7E9E0300AC8A0B /* back-icon@2x.png in Resources */ = {isa = PBXBuildFile; fileRef = DDF9610E1A7E9E0300AC8A0B /* back-icon@2x.png */; };
		DDF961AC1A7E9E0300AC8A0B /* BG.png in Resources */ = {isa = PBXBuildFile; fileRef = DDF9610F1A7E9E0300AC8A0B /* BG.png */; };
		DDF961AD1A7E9E0300AC8A0B /* BG@2x.png in Resources */ = {isa = PBXBuildFile; fileRef = DDF961101A7E9E0300AC8A0B /* BG@2x.png */; };
		DDF961AE1A7E9E0300AC8A0B /* Chat_user.png in Resources */ = {isa = PBXBuildFile; fileRef = DDF961111A7E9E0300AC8A0B /* Chat_user.png */; };
		DDF961AF1A7E9E0300AC8A0B /* Chat_user@2x.png in Resources */ = {isa = PBXBuildFile; fileRef = DDF961121A7E9E0300AC8A0B /* Chat_user@2x.png */; };
		DDF961B01A7E9E0300AC8A0B /* menu-icon.png in Resources */ = {isa = PBXBuildFile; fileRef = DDF961131A7E9E0300AC8A0B /* menu-icon.png */; };
		DDF961B11A7E9E0300AC8A0B /* menu-icon@2x.png in Resources */ = {isa = PBXBuildFile; fileRef = DDF961141A7E9E0300AC8A0B /* menu-icon@2x.png */; };
		DDF961B21A7E9E0300AC8A0B /* SettingIcon.png in Resources */ = {isa = PBXBuildFile; fileRef = DDF961151A7E9E0300AC8A0B /* SettingIcon.png */; };
		DDF961B31A7E9E0300AC8A0B /* SettingIcon@2x.png in Resources */ = {isa = PBXBuildFile; fileRef = DDF961161A7E9E0300AC8A0B /* SettingIcon@2x.png */; };
		DDF961B41A7E9E0300AC8A0B /* Top_NavBG.png in Resources */ = {isa = PBXBuildFile; fileRef = DDF961171A7E9E0300AC8A0B /* Top_NavBG.png */; };
		DDF961B51A7E9E0300AC8A0B /* Top_NavBG@2x.png in Resources */ = {isa = PBXBuildFile; fileRef = DDF961181A7E9E0300AC8A0B /* Top_NavBG@2x.png */; };
		DDF961B61A7E9E0300AC8A0B /* back-icon.png in Resources */ = {isa = PBXBuildFile; fileRef = DDF9611A1A7E9E0300AC8A0B /* back-icon.png */; };
		DDF961B71A7E9E0300AC8A0B /* back-icon@2x.png in Resources */ = {isa = PBXBuildFile; fileRef = DDF9611B1A7E9E0300AC8A0B /* back-icon@2x.png */; };
		DDF961B81A7E9E0300AC8A0B /* BG.png in Resources */ = {isa = PBXBuildFile; fileRef = DDF9611C1A7E9E0300AC8A0B /* BG.png */; };
		DDF961B91A7E9E0300AC8A0B /* BG@2x.png in Resources */ = {isa = PBXBuildFile; fileRef = DDF9611D1A7E9E0300AC8A0B /* BG@2x.png */; };
		DDF961BA1A7E9E0300AC8A0B /* form.png in Resources */ = {isa = PBXBuildFile; fileRef = DDF9611E1A7E9E0300AC8A0B /* form.png */; };
		DDF961BB1A7E9E0300AC8A0B /* form@2x.png in Resources */ = {isa = PBXBuildFile; fileRef = DDF9611F1A7E9E0300AC8A0B /* form@2x.png */; };
		DDF961BC1A7E9E0300AC8A0B /* menu-icon.png in Resources */ = {isa = PBXBuildFile; fileRef = DDF961201A7E9E0300AC8A0B /* menu-icon.png */; };
		DDF961BD1A7E9E0300AC8A0B /* menu-icon@2x.png in Resources */ = {isa = PBXBuildFile; fileRef = DDF961211A7E9E0300AC8A0B /* menu-icon@2x.png */; };
		DDF961BE1A7E9E0300AC8A0B /* Send_Bar_BG.png in Resources */ = {isa = PBXBuildFile; fileRef = DDF961221A7E9E0300AC8A0B /* Send_Bar_BG.png */; };
		DDF961BF1A7E9E0300AC8A0B /* Send_Bar_BG@2x.png in Resources */ = {isa = PBXBuildFile; fileRef = DDF961231A7E9E0300AC8A0B /* Send_Bar_BG@2x.png */; };
		DDF961C01A7E9E0300AC8A0B /* SettingIcon.png in Resources */ = {isa = PBXBuildFile; fileRef = DDF961241A7E9E0300AC8A0B /* SettingIcon.png */; };
		DDF961C11A7E9E0300AC8A0B /* SettingIcon@2x.png in Resources */ = {isa = PBXBuildFile; fileRef = DDF961251A7E9E0300AC8A0B /* SettingIcon@2x.png */; };
		DDF961C21A7E9E0300AC8A0B /* Top_NavBG.png in Resources */ = {isa = PBXBuildFile; fileRef = DDF961261A7E9E0300AC8A0B /* Top_NavBG.png */; };
		DDF961C31A7E9E0300AC8A0B /* Top_NavBG@2x.png in Resources */ = {isa = PBXBuildFile; fileRef = DDF961271A7E9E0300AC8A0B /* Top_NavBG@2x.png */; };
		DDF961C41A7E9E0300AC8A0B /* back-icon.png in Resources */ = {isa = PBXBuildFile; fileRef = DDF961291A7E9E0300AC8A0B /* back-icon.png */; };
		DDF961C51A7E9E0300AC8A0B /* back-icon@2x.png in Resources */ = {isa = PBXBuildFile; fileRef = DDF9612A1A7E9E0300AC8A0B /* back-icon@2x.png */; };
		DDF961C61A7E9E0300AC8A0B /* BG.png in Resources */ = {isa = PBXBuildFile; fileRef = DDF9612B1A7E9E0300AC8A0B /* BG.png */; };
		DDF961C71A7E9E0300AC8A0B /* BG@2x.png in Resources */ = {isa = PBXBuildFile; fileRef = DDF9612C1A7E9E0300AC8A0B /* BG@2x.png */; };
		DDF961C81A7E9E0300AC8A0B /* EditProfile.png in Resources */ = {isa = PBXBuildFile; fileRef = DDF9612D1A7E9E0300AC8A0B /* EditProfile.png */; };
		DDF961C91A7E9E0300AC8A0B /* EditProfile@2x.png in Resources */ = {isa = PBXBuildFile; fileRef = DDF9612E1A7E9E0300AC8A0B /* EditProfile@2x.png */; };
		DDF961CA1A7E9E0300AC8A0B /* Logout.png in Resources */ = {isa = PBXBuildFile; fileRef = DDF9612F1A7E9E0300AC8A0B /* Logout.png */; };
		DDF961CB1A7E9E0300AC8A0B /* Logout@2x.png in Resources */ = {isa = PBXBuildFile; fileRef = DDF961301A7E9E0300AC8A0B /* Logout@2x.png */; };
		DDF961CC1A7E9E0300AC8A0B /* menu-icon.png in Resources */ = {isa = PBXBuildFile; fileRef = DDF961311A7E9E0300AC8A0B /* menu-icon.png */; };
		DDF961CD1A7E9E0300AC8A0B /* menu-icon@2x.png in Resources */ = {isa = PBXBuildFile; fileRef = DDF961321A7E9E0300AC8A0B /* menu-icon@2x.png */; };
		DDF961CE1A7E9E0300AC8A0B /* SettingIcon.png in Resources */ = {isa = PBXBuildFile; fileRef = DDF961331A7E9E0300AC8A0B /* SettingIcon.png */; };
		DDF961CF1A7E9E0300AC8A0B /* SettingIcon@2x.png in Resources */ = {isa = PBXBuildFile; fileRef = DDF961341A7E9E0300AC8A0B /* SettingIcon@2x.png */; };
		DDF961D01A7E9E0300AC8A0B /* Top_NavBG.png in Resources */ = {isa = PBXBuildFile; fileRef = DDF961351A7E9E0300AC8A0B /* Top_NavBG.png */; };
		DDF961D11A7E9E0300AC8A0B /* Top_NavBG@2x.png in Resources */ = {isa = PBXBuildFile; fileRef = DDF961361A7E9E0300AC8A0B /* Top_NavBG@2x.png */; };
		DDF961D21A7E9E0300AC8A0B /* About_BG.png in Resources */ = {isa = PBXBuildFile; fileRef = DDF961381A7E9E0300AC8A0B /* About_BG.png */; };
		DDF961D31A7E9E0300AC8A0B /* About_BG@2x.png in Resources */ = {isa = PBXBuildFile; fileRef = DDF961391A7E9E0300AC8A0B /* About_BG@2x.png */; };
		DDF961D41A7E9E0300AC8A0B /* back-icon.png in Resources */ = {isa = PBXBuildFile; fileRef = DDF9613A1A7E9E0300AC8A0B /* back-icon.png */; };
		DDF961D51A7E9E0300AC8A0B /* back-icon@2x.png in Resources */ = {isa = PBXBuildFile; fileRef = DDF9613B1A7E9E0300AC8A0B /* back-icon@2x.png */; };
		DDF961D61A7E9E0300AC8A0B /* BG.png in Resources */ = {isa = PBXBuildFile; fileRef = DDF9613C1A7E9E0300AC8A0B /* BG.png */; };
		DDF961D71A7E9E0300AC8A0B /* BG@2x.png in Resources */ = {isa = PBXBuildFile; fileRef = DDF9613D1A7E9E0300AC8A0B /* BG@2x.png */; };
		DDF961D81A7E9E0300AC8A0B /* menu-icon.png in Resources */ = {isa = PBXBuildFile; fileRef = DDF9613E1A7E9E0300AC8A0B /* menu-icon.png */; };
		DDF961D91A7E9E0300AC8A0B /* menu-icon@2x.png in Resources */ = {isa = PBXBuildFile; fileRef = DDF9613F1A7E9E0300AC8A0B /* menu-icon@2x.png */; };
		DDF961DA1A7E9E0300AC8A0B /* SettingIcon.png in Resources */ = {isa = PBXBuildFile; fileRef = DDF961401A7E9E0300AC8A0B /* SettingIcon.png */; };
		DDF961DB1A7E9E0300AC8A0B /* SettingIcon@2x.png in Resources */ = {isa = PBXBuildFile; fileRef = DDF961411A7E9E0300AC8A0B /* SettingIcon@2x.png */; };
		DDF961DC1A7E9E0300AC8A0B /* Top_NavBG.png in Resources */ = {isa = PBXBuildFile; fileRef = DDF961421A7E9E0300AC8A0B /* Top_NavBG.png */; };
		DDF961DD1A7E9E0300AC8A0B /* Top_NavBG@2x.png in Resources */ = {isa = PBXBuildFile; fileRef = DDF961431A7E9E0300AC8A0B /* Top_NavBG@2x.png */; };
		DDF961DE1A7E9E0300AC8A0B /* UserImage.png in Resources */ = {isa = PBXBuildFile; fileRef = DDF961441A7E9E0300AC8A0B /* UserImage.png */; };
		DDF961DF1A7E9E0300AC8A0B /* UserImage@2x.png in Resources */ = {isa = PBXBuildFile; fileRef = DDF961451A7E9E0300AC8A0B /* UserImage@2x.png */; };
		DDF961E01A7E9E0300AC8A0B /* ChatNow_Icon.png in Resources */ = {isa = PBXBuildFile; fileRef = DDF961471A7E9E0300AC8A0B /* ChatNow_Icon.png */; };
		DDF961E11A7E9E0300AC8A0B /* ChatNow_Icon@2x.png in Resources */ = {isa = PBXBuildFile; fileRef = DDF961481A7E9E0300AC8A0B /* ChatNow_Icon@2x.png */; };
		DDF961E21A7E9E0300AC8A0B /* Close-Button.png in Resources */ = {isa = PBXBuildFile; fileRef = DDF961491A7E9E0300AC8A0B /* Close-Button.png */; };
		DDF961E31A7E9E0300AC8A0B /* Close-Button@2x.png in Resources */ = {isa = PBXBuildFile; fileRef = DDF9614A1A7E9E0300AC8A0B /* Close-Button@2x.png */; };
		DDF961E41A7E9E0300AC8A0B /* back-icon.png in Resources */ = {isa = PBXBuildFile; fileRef = DDF9614C1A7E9E0300AC8A0B /* back-icon.png */; };
		DDF961E51A7E9E0300AC8A0B /* back-icon@2x.png in Resources */ = {isa = PBXBuildFile; fileRef = DDF9614D1A7E9E0300AC8A0B /* back-icon@2x.png */; };
		DDF961E61A7E9E0300AC8A0B /* ChatIcon.png in Resources */ = {isa = PBXBuildFile; fileRef = DDF9614E1A7E9E0300AC8A0B /* ChatIcon.png */; };
		DDF961E71A7E9E0300AC8A0B /* ChatIcon@2x.png in Resources */ = {isa = PBXBuildFile; fileRef = DDF9614F1A7E9E0300AC8A0B /* ChatIcon@2x.png */; };
		DDF961E81A7E9E0300AC8A0B /* SettingIcon.png in Resources */ = {isa = PBXBuildFile; fileRef = DDF961501A7E9E0300AC8A0B /* SettingIcon.png */; };
		DDF961E91A7E9E0300AC8A0B /* SettingIcon@2x.png in Resources */ = {isa = PBXBuildFile; fileRef = DDF961511A7E9E0300AC8A0B /* SettingIcon@2x.png */; };
		DDF961EA1A7E9E0300AC8A0B /* 1024_icon-1-01.png in Resources */ = {isa = PBXBuildFile; fileRef = DDF961541A7E9E0300AC8A0B /* 1024_icon-1-01.png */; };
		DDF961EB1A7E9E0300AC8A0B /* Icon-72.png in Resources */ = {isa = PBXBuildFile; fileRef = DDF961561A7E9E0300AC8A0B /* Icon-72.png */; };
		DDF961EC1A7E9E0300AC8A0B /* Icon-72@2x.png in Resources */ = {isa = PBXBuildFile; fileRef = DDF961571A7E9E0300AC8A0B /* Icon-72@2x.png */; };
		DDF961ED1A7E9E0300AC8A0B /* Icon-Small-50.png in Resources */ = {isa = PBXBuildFile; fileRef = DDF961581A7E9E0300AC8A0B /* Icon-Small-50.png */; };
		DDF961EE1A7E9E0300AC8A0B /* Icon-Small-50@2x.png in Resources */ = {isa = PBXBuildFile; fileRef = DDF961591A7E9E0300AC8A0B /* Icon-Small-50@2x.png */; };
		DDF961EF1A7E9E0300AC8A0B /* Icon-Small.png in Resources */ = {isa = PBXBuildFile; fileRef = DDF9615A1A7E9E0300AC8A0B /* Icon-Small.png */; };
		DDF961F01A7E9E0300AC8A0B /* Icon-Small@2x.png in Resources */ = {isa = PBXBuildFile; fileRef = DDF9615B1A7E9E0300AC8A0B /* Icon-Small@2x.png */; };
		DDF961F11A7E9E0300AC8A0B /* Icon.png in Resources */ = {isa = PBXBuildFile; fileRef = DDF9615C1A7E9E0300AC8A0B /* Icon.png */; };
		DDF961F21A7E9E0300AC8A0B /* Icon@2x.png in Resources */ = {isa = PBXBuildFile; fileRef = DDF9615D1A7E9E0300AC8A0B /* Icon@2x.png */; };
		DDF961F31A7E9E0300AC8A0B /* iTunesArtwork.png in Resources */ = {isa = PBXBuildFile; fileRef = DDF9615E1A7E9E0300AC8A0B /* iTunesArtwork.png */; };
		DDF961F41A7E9E0300AC8A0B /* iTunesArtwork@2x.png in Resources */ = {isa = PBXBuildFile; fileRef = DDF9615F1A7E9E0300AC8A0B /* iTunesArtwork@2x.png */; };
		DDF961F51A7E9E0300AC8A0B /* Icon-40.png in Resources */ = {isa = PBXBuildFile; fileRef = DDF961611A7E9E0300AC8A0B /* Icon-40.png */; };
		DDF961F61A7E9E0300AC8A0B /* Icon-40@2x.png in Resources */ = {isa = PBXBuildFile; fileRef = DDF961621A7E9E0300AC8A0B /* Icon-40@2x.png */; };
		DDF961F71A7E9E0300AC8A0B /* Icon-60.png in Resources */ = {isa = PBXBuildFile; fileRef = DDF961631A7E9E0300AC8A0B /* Icon-60.png */; };
		DDF961F81A7E9E0300AC8A0B /* Icon-60@2x.png in Resources */ = {isa = PBXBuildFile; fileRef = DDF961641A7E9E0300AC8A0B /* Icon-60@2x.png */; };
		DDF961F91A7E9E0300AC8A0B /* Icon-72.png in Resources */ = {isa = PBXBuildFile; fileRef = DDF961651A7E9E0300AC8A0B /* Icon-72.png */; };
		DDF961FA1A7E9E0300AC8A0B /* Icon-72@2x.png in Resources */ = {isa = PBXBuildFile; fileRef = DDF961661A7E9E0300AC8A0B /* Icon-72@2x.png */; };
		DDF961FB1A7E9E0300AC8A0B /* Icon-76.png in Resources */ = {isa = PBXBuildFile; fileRef = DDF961671A7E9E0300AC8A0B /* Icon-76.png */; };
		DDF961FC1A7E9E0300AC8A0B /* Icon-76@2x.png in Resources */ = {isa = PBXBuildFile; fileRef = DDF961681A7E9E0300AC8A0B /* Icon-76@2x.png */; };
		DDF961FD1A7E9E0300AC8A0B /* Icon-Small-50.png in Resources */ = {isa = PBXBuildFile; fileRef = DDF961691A7E9E0300AC8A0B /* Icon-Small-50.png */; };
		DDF961FE1A7E9E0300AC8A0B /* Icon-Small-50@2x.png in Resources */ = {isa = PBXBuildFile; fileRef = DDF9616A1A7E9E0300AC8A0B /* Icon-Small-50@2x.png */; };
		DDF961FF1A7E9E0300AC8A0B /* Icon-Small.png in Resources */ = {isa = PBXBuildFile; fileRef = DDF9616B1A7E9E0300AC8A0B /* Icon-Small.png */; };
		DDF962001A7E9E0300AC8A0B /* Icon-Small@2x.png in Resources */ = {isa = PBXBuildFile; fileRef = DDF9616C1A7E9E0300AC8A0B /* Icon-Small@2x.png */; };
		DDF962011A7E9E0300AC8A0B /* Icon.png in Resources */ = {isa = PBXBuildFile; fileRef = DDF9616D1A7E9E0300AC8A0B /* Icon.png */; };
		DDF962021A7E9E0300AC8A0B /* Icon@2x.png in Resources */ = {isa = PBXBuildFile; fileRef = DDF9616E1A7E9E0300AC8A0B /* Icon@2x.png */; };
		DDF962031A7E9E0300AC8A0B /* iTunesArtwork.png in Resources */ = {isa = PBXBuildFile; fileRef = DDF9616F1A7E9E0300AC8A0B /* iTunesArtwork.png */; };
		DDF962041A7E9E0300AC8A0B /* iTunesArtwork@2x.png in Resources */ = {isa = PBXBuildFile; fileRef = DDF961701A7E9E0300AC8A0B /* iTunesArtwork@2x.png */; };
		DDF962051A7E9E0300AC8A0B /* Matched_Up_DesignV3_red.pdf in Resources */ = {isa = PBXBuildFile; fileRef = DDF961711A7E9E0300AC8A0B /* Matched_Up_DesignV3_red.pdf */; };
/* End PBXBuildFile section */

/* Begin PBXContainerItemProxy section */
		DD9F995F1A62D818005B4445 /* PBXContainerItemProxy */ = {
			isa = PBXContainerItemProxy;
			containerPortal = DD9F993A1A62D818005B4445 /* Project object */;
			proxyType = 1;
			remoteGlobalIDString = DD9F99411A62D818005B4445;
			remoteInfo = MatchedUp;
		};
/* End PBXContainerItemProxy section */

/* Begin PBXFileReference section */
		5280840961B0E58EE5223C9F /* libPods.a */ = {isa = PBXFileReference; explicitFileType = archive.ar; includeInIndex = 0; path = libPods.a; sourceTree = BUILT_PRODUCTS_DIR; };
		62698E773710A99E3454A039 /* Pods.release.xcconfig */ = {isa = PBXFileReference; includeInIndex = 1; lastKnownFileType = text.xcconfig; name = Pods.release.xcconfig; path = "Pods/Target Support Files/Pods/Pods.release.xcconfig"; sourceTree = "<group>"; };
		DC5E6D324B3C83220DACC12D /* Pods.debug.xcconfig */ = {isa = PBXFileReference; includeInIndex = 1; lastKnownFileType = text.xcconfig; name = Pods.debug.xcconfig; path = "Pods/Target Support Files/Pods/Pods.debug.xcconfig"; sourceTree = "<group>"; };
		DD01FED51A76DCB6004D1A4A /* MatchViewController.h */ = {isa = PBXFileReference; fileEncoding = 4; lastKnownFileType = sourcecode.c.h; path = MatchViewController.h; sourceTree = "<group>"; };
		DD01FED61A76DCB6004D1A4A /* MatchViewController.m */ = {isa = PBXFileReference; fileEncoding = 4; lastKnownFileType = sourcecode.c.objc; path = MatchViewController.m; sourceTree = "<group>"; };
		DD01FED91A76DE58004D1A4A /* MatchesViewController.h */ = {isa = PBXFileReference; fileEncoding = 4; lastKnownFileType = sourcecode.c.h; path = MatchesViewController.h; sourceTree = "<group>"; };
		DD01FEDA1A76DE58004D1A4A /* MatchesViewController.m */ = {isa = PBXFileReference; fileEncoding = 4; lastKnownFileType = sourcecode.c.objc; path = MatchesViewController.m; sourceTree = "<group>"; };
		DD4BB1811A82B52500170CF9 /* TransistionAnimator.h */ = {isa = PBXFileReference; fileEncoding = 4; lastKnownFileType = sourcecode.c.h; path = TransistionAnimator.h; sourceTree = "<group>"; };
		DD4BB1821A82B52500170CF9 /* TransistionAnimator.m */ = {isa = PBXFileReference; fileEncoding = 4; lastKnownFileType = sourcecode.c.objc; path = TransistionAnimator.m; sourceTree = "<group>"; };
		DD507BB51A71AA4B00F5EF47 /* TestUser.h */ = {isa = PBXFileReference; fileEncoding = 4; lastKnownFileType = sourcecode.c.h; path = TestUser.h; sourceTree = "<group>"; };
		DD507BB61A71AA4B00F5EF47 /* TestUser.m */ = {isa = PBXFileReference; fileEncoding = 4; lastKnownFileType = sourcecode.c.objc; path = TestUser.m; sourceTree = "<group>"; };
		DD507BB81A71AC4300F5EF47 /* person1.jpeg */ = {isa = PBXFileReference; lastKnownFileType = image.jpeg; path = person1.jpeg; sourceTree = "<group>"; };
		DD507BB91A71AC4300F5EF47 /* person2.jpeg */ = {isa = PBXFileReference; lastKnownFileType = image.jpeg; path = person2.jpeg; sourceTree = "<group>"; };
		DD507BBA1A71AC4300F5EF47 /* person3.jpg */ = {isa = PBXFileReference; lastKnownFileType = image.jpeg; path = person3.jpg; sourceTree = "<group>"; };
		DD507BBB1A71AC4300F5EF47 /* person4.jpeg */ = {isa = PBXFileReference; lastKnownFileType = image.jpeg; path = person4.jpeg; sourceTree = "<group>"; };
		DD612E941A6F000A002B6294 /* ProfileViewController.h */ = {isa = PBXFileReference; fileEncoding = 4; lastKnownFileType = sourcecode.c.h; path = ProfileViewController.h; sourceTree = "<group>"; };
		DD612E951A6F000A002B6294 /* ProfileViewController.m */ = {isa = PBXFileReference; fileEncoding = 4; lastKnownFileType = sourcecode.c.objc; path = ProfileViewController.m; sourceTree = "<group>"; };
		DD6FFAE31A6D8BEC00816CDB /* HomeViewController.h */ = {isa = PBXFileReference; fileEncoding = 4; lastKnownFileType = sourcecode.c.h; path = HomeViewController.h; sourceTree = "<group>"; };
		DD6FFAE41A6D8BEC00816CDB /* HomeViewController.m */ = {isa = PBXFileReference; fileEncoding = 4; lastKnownFileType = sourcecode.c.objc; path = HomeViewController.m; sourceTree = "<group>"; };
		DD6FFAE71A6D8E6000816CDB /* SettingsViewController.h */ = {isa = PBXFileReference; fileEncoding = 4; lastKnownFileType = sourcecode.c.h; path = SettingsViewController.h; sourceTree = "<group>"; };
		DD6FFAE81A6D8E6000816CDB /* SettingsViewController.m */ = {isa = PBXFileReference; fileEncoding = 4; lastKnownFileType = sourcecode.c.objc; path = SettingsViewController.m; sourceTree = "<group>"; };
		DD6FFAEB1A6DBBB100816CDB /* EditProfileViewController.h */ = {isa = PBXFileReference; fileEncoding = 4; lastKnownFileType = sourcecode.c.h; path = EditProfileViewController.h; sourceTree = "<group>"; };
		DD6FFAEC1A6DBBB100816CDB /* EditProfileViewController.m */ = {isa = PBXFileReference; fileEncoding = 4; lastKnownFileType = sourcecode.c.objc; path = EditProfileViewController.m; sourceTree = "<group>"; };
		DD7CE0DC1A65C92700691BDD /* Constants.h */ = {isa = PBXFileReference; fileEncoding = 4; lastKnownFileType = sourcecode.c.h; path = Constants.h; sourceTree = "<group>"; };
		DD7CE0DD1A65C92700691BDD /* Constants.m */ = {isa = PBXFileReference; fileEncoding = 4; lastKnownFileType = sourcecode.c.objc; path = Constants.m; sourceTree = "<group>"; };
		DD7CE0DF1A65C97200691BDD /* MatchedUp-Prefix.pch */ = {isa = PBXFileReference; lastKnownFileType = sourcecode.c.h; path = "MatchedUp-Prefix.pch"; sourceTree = SOURCE_ROOT; };
		DD9F99421A62D818005B4445 /* MatchedUp.app */ = {isa = PBXFileReference; explicitFileType = wrapper.application; includeInIndex = 0; path = MatchedUp.app; sourceTree = BUILT_PRODUCTS_DIR; };
		DD9F99461A62D818005B4445 /* Info.plist */ = {isa = PBXFileReference; lastKnownFileType = text.plist.xml; path = Info.plist; sourceTree = "<group>"; };
		DD9F99471A62D818005B4445 /* main.m */ = {isa = PBXFileReference; lastKnownFileType = sourcecode.c.objc; path = main.m; sourceTree = "<group>"; };
		DD9F99491A62D818005B4445 /* AppDelegate.h */ = {isa = PBXFileReference; lastKnownFileType = sourcecode.c.h; path = AppDelegate.h; sourceTree = "<group>"; };
		DD9F994A1A62D818005B4445 /* AppDelegate.m */ = {isa = PBXFileReference; lastKnownFileType = sourcecode.c.objc; path = AppDelegate.m; sourceTree = "<group>"; };
		DD9F99531A62D818005B4445 /* Base */ = {isa = PBXFileReference; lastKnownFileType = file.storyboard; name = Base; path = Base.lproj/Main.storyboard; sourceTree = "<group>"; };
		DD9F99551A62D818005B4445 /* Images.xcassets */ = {isa = PBXFileReference; lastKnownFileType = folder.assetcatalog; path = Images.xcassets; sourceTree = "<group>"; };
		DD9F99581A62D818005B4445 /* Base */ = {isa = PBXFileReference; lastKnownFileType = file.xib; name = Base; path = Base.lproj/LaunchScreen.xib; sourceTree = "<group>"; };
		DD9F995E1A62D818005B4445 /* MatchedUpTests.xctest */ = {isa = PBXFileReference; explicitFileType = wrapper.cfbundle; includeInIndex = 0; path = MatchedUpTests.xctest; sourceTree = BUILT_PRODUCTS_DIR; };
		DD9F99631A62D818005B4445 /* Info.plist */ = {isa = PBXFileReference; lastKnownFileType = text.plist.xml; path = Info.plist; sourceTree = "<group>"; };
		DD9F99641A62D818005B4445 /* MatchedUpTests.m */ = {isa = PBXFileReference; lastKnownFileType = sourcecode.c.objc; path = MatchedUpTests.m; sourceTree = "<group>"; };
		DD9F996E1A62D8AF005B4445 /* LogInViewController.h */ = {isa = PBXFileReference; fileEncoding = 4; lastKnownFileType = sourcecode.c.h; path = LogInViewController.h; sourceTree = "<group>"; };
		DD9F996F1A62D8AF005B4445 /* LogInViewController.m */ = {isa = PBXFileReference; fileEncoding = 4; lastKnownFileType = sourcecode.c.objc; path = LogInViewController.m; sourceTree = "<group>"; };
		DDDE03C61A76E051007F539B /* ChatViewController.h */ = {isa = PBXFileReference; fileEncoding = 4; lastKnownFileType = sourcecode.c.h; path = ChatViewController.h; sourceTree = "<group>"; };
		DDDE03C71A76E051007F539B /* ChatViewController.m */ = {isa = PBXFileReference; fileEncoding = 4; lastKnownFileType = sourcecode.c.objc; path = ChatViewController.m; sourceTree = "<group>"; };
		DDF960CC1A7E77DD00AC8A0B /* defaultPrefsFile.plist */ = {isa = PBXFileReference; fileEncoding = 4; lastKnownFileType = text.plist.xml; path = defaultPrefsFile.plist; sourceTree = "<group>"; };
		DDF960D11A7E9E0300AC8A0B /* BG.png */ = {isa = PBXFileReference; lastKnownFileType = image.png; path = BG.png; sourceTree = "<group>"; };
		DDF960D21A7E9E0300AC8A0B /* BG@2x.png */ = {isa = PBXFileReference; lastKnownFileType = image.png; path = "BG@2x.png"; sourceTree = "<group>"; };
		DDF960D31A7E9E0300AC8A0B /* BG.png */ = {isa = PBXFileReference; lastKnownFileType = image.png; path = BG.png; sourceTree = "<group>"; };
		DDF960D41A7E9E0300AC8A0B /* BG@2x.png */ = {isa = PBXFileReference; lastKnownFileType = image.png; path = "BG@2x.png"; sourceTree = "<group>"; };
		DDF960D61A7E9E0300AC8A0B /* Facebook.png */ = {isa = PBXFileReference; lastKnownFileType = image.png; path = Facebook.png; sourceTree = "<group>"; };
		DDF960D71A7E9E0300AC8A0B /* Facebook@2x.png */ = {isa = PBXFileReference; lastKnownFileType = image.png; path = "Facebook@2x.png"; sourceTree = "<group>"; };
		DDF960D81A7E9E0300AC8A0B /* Logo.png */ = {isa = PBXFileReference; lastKnownFileType = image.png; path = Logo.png; sourceTree = "<group>"; };
		DDF960D91A7E9E0300AC8A0B /* Logo@2x.png */ = {isa = PBXFileReference; lastKnownFileType = image.png; path = "Logo@2x.png"; sourceTree = "<group>"; };
		DDF960DB1A7E9E0300AC8A0B /* BG.png */ = {isa = PBXFileReference; lastKnownFileType = image.png; path = BG.png; sourceTree = "<group>"; };
		DDF960DC1A7E9E0300AC8A0B /* BG@2x.png */ = {isa = PBXFileReference; lastKnownFileType = image.png; path = "BG@2x.png"; sourceTree = "<group>"; };
		DDF960DD1A7E9E0300AC8A0B /* ChatIcon.png */ = {isa = PBXFileReference; lastKnownFileType = image.png; path = ChatIcon.png; sourceTree = "<group>"; };
		DDF960DE1A7E9E0300AC8A0B /* ChatIcon@2x.png */ = {isa = PBXFileReference; lastKnownFileType = image.png; path = "ChatIcon@2x.png"; sourceTree = "<group>"; };
		DDF960DF1A7E9E0300AC8A0B /* DislikeIcon.png */ = {isa = PBXFileReference; lastKnownFileType = image.png; path = DislikeIcon.png; sourceTree = "<group>"; };
		DDF960E01A7E9E0300AC8A0B /* DislikeIcon@2x.png */ = {isa = PBXFileReference; lastKnownFileType = image.png; path = "DislikeIcon@2x.png"; sourceTree = "<group>"; };
		DDF960E11A7E9E0300AC8A0B /* InfoIcon.png */ = {isa = PBXFileReference; lastKnownFileType = image.png; path = InfoIcon.png; sourceTree = "<group>"; };
		DDF960E21A7E9E0300AC8A0B /* InfoIcon@2x.png */ = {isa = PBXFileReference; lastKnownFileType = image.png; path = "InfoIcon@2x.png"; sourceTree = "<group>"; };
		DDF960E31A7E9E0300AC8A0B /* LikeIcon.png */ = {isa = PBXFileReference; lastKnownFileType = image.png; path = LikeIcon.png; sourceTree = "<group>"; };
		DDF960E41A7E9E0300AC8A0B /* LikeIcon@2x.png */ = {isa = PBXFileReference; lastKnownFileType = image.png; path = "LikeIcon@2x.png"; sourceTree = "<group>"; };
		DDF960E51A7E9E0300AC8A0B /* Matched-Up.png */ = {isa = PBXFileReference; lastKnownFileType = image.png; path = "Matched-Up.png"; sourceTree = "<group>"; };
		DDF960E61A7E9E0300AC8A0B /* Matched-Up@2x.png */ = {isa = PBXFileReference; lastKnownFileType = image.png; path = "Matched-Up@2x.png"; sourceTree = "<group>"; };
		DDF960E71A7E9E0300AC8A0B /* SettingIcon.png */ = {isa = PBXFileReference; lastKnownFileType = image.png; path = SettingIcon.png; sourceTree = "<group>"; };
		DDF960E81A7E9E0300AC8A0B /* SettingIcon@2x.png */ = {isa = PBXFileReference; lastKnownFileType = image.png; path = "SettingIcon@2x.png"; sourceTree = "<group>"; };
		DDF960E91A7E9E0300AC8A0B /* Top_NavBG.png */ = {isa = PBXFileReference; lastKnownFileType = image.png; path = Top_NavBG.png; sourceTree = "<group>"; };
		DDF960EA1A7E9E0300AC8A0B /* Top_NavBG@2x.png */ = {isa = PBXFileReference; lastKnownFileType = image.png; path = "Top_NavBG@2x.png"; sourceTree = "<group>"; };
		DDF960EB1A7E9E0300AC8A0B /* User_Image.png */ = {isa = PBXFileReference; lastKnownFileType = image.png; path = User_Image.png; sourceTree = "<group>"; };
		DDF960EC1A7E9E0300AC8A0B /* User_Image@2x.png */ = {isa = PBXFileReference; lastKnownFileType = image.png; path = "User_Image@2x.png"; sourceTree = "<group>"; };
		DDF960ED1A7E9E0300AC8A0B /* VP_BG.png */ = {isa = PBXFileReference; lastKnownFileType = image.png; path = VP_BG.png; sourceTree = "<group>"; };
		DDF960EE1A7E9E0300AC8A0B /* VP_BG@2x.png */ = {isa = PBXFileReference; lastKnownFileType = image.png; path = "VP_BG@2x.png"; sourceTree = "<group>"; };
		DDF960F01A7E9E0300AC8A0B /* About_BG.png */ = {isa = PBXFileReference; lastKnownFileType = image.png; path = About_BG.png; sourceTree = "<group>"; };
		DDF960F11A7E9E0300AC8A0B /* About_BG@2x.png */ = {isa = PBXFileReference; lastKnownFileType = image.png; path = "About_BG@2x.png"; sourceTree = "<group>"; };
		DDF960F21A7E9E0300AC8A0B /* AgeIcon.png */ = {isa = PBXFileReference; lastKnownFileType = image.png; path = AgeIcon.png; sourceTree = "<group>"; };
		DDF960F31A7E9E0300AC8A0B /* AgeIcon@2x.png */ = {isa = PBXFileReference; lastKnownFileType = image.png; path = "AgeIcon@2x.png"; sourceTree = "<group>"; };
		DDF960F41A7E9E0300AC8A0B /* BG.png */ = {isa = PBXFileReference; lastKnownFileType = image.png; path = BG.png; sourceTree = "<group>"; };
		DDF960F51A7E9E0300AC8A0B /* BG@2x.png */ = {isa = PBXFileReference; lastKnownFileType = image.png; path = "BG@2x.png"; sourceTree = "<group>"; };
		DDF960F61A7E9E0300AC8A0B /* ChatIcon.png */ = {isa = PBXFileReference; lastKnownFileType = image.png; path = ChatIcon.png; sourceTree = "<group>"; };
		DDF960F71A7E9E0300AC8A0B /* ChatIcon@2x.png */ = {isa = PBXFileReference; lastKnownFileType = image.png; path = "ChatIcon@2x.png"; sourceTree = "<group>"; };
		DDF960F81A7E9E0300AC8A0B /* DislikeIcon.png */ = {isa = PBXFileReference; lastKnownFileType = image.png; path = DislikeIcon.png; sourceTree = "<group>"; };
		DDF960F91A7E9E0300AC8A0B /* DislikeIcon@2x.png */ = {isa = PBXFileReference; lastKnownFileType = image.png; path = "DislikeIcon@2x.png"; sourceTree = "<group>"; };
		DDF960FA1A7E9E0300AC8A0B /* InfoIcon.png */ = {isa = PBXFileReference; lastKnownFileType = image.png; path = InfoIcon.png; sourceTree = "<group>"; };
		DDF960FB1A7E9E0300AC8A0B /* InfoIcon@2x.png */ = {isa = PBXFileReference; lastKnownFileType = image.png; path = "InfoIcon@2x.png"; sourceTree = "<group>"; };
		DDF960FC1A7E9E0300AC8A0B /* LikeIcon.png */ = {isa = PBXFileReference; lastKnownFileType = image.png; path = LikeIcon.png; sourceTree = "<group>"; };
		DDF960FD1A7E9E0300AC8A0B /* LikeIcon@2x.png */ = {isa = PBXFileReference; lastKnownFileType = image.png; path = "LikeIcon@2x.png"; sourceTree = "<group>"; };
		DDF960FE1A7E9E0300AC8A0B /* location.png */ = {isa = PBXFileReference; lastKnownFileType = image.png; path = location.png; sourceTree = "<group>"; };
		DDF960FF1A7E9E0300AC8A0B /* location@2x.png */ = {isa = PBXFileReference; lastKnownFileType = image.png; path = "location@2x.png"; sourceTree = "<group>"; };
		DDF961001A7E9E0300AC8A0B /* NameAgeStatusBar.png */ = {isa = PBXFileReference; lastKnownFileType = image.png; path = NameAgeStatusBar.png; sourceTree = "<group>"; };
		DDF961011A7E9E0300AC8A0B /* NameAgeStatusBar@2x.png */ = {isa = PBXFileReference; lastKnownFileType = image.png; path = "NameAgeStatusBar@2x.png"; sourceTree = "<group>"; };
		DDF961021A7E9E0300AC8A0B /* SettingIcon.png */ = {isa = PBXFileReference; lastKnownFileType = image.png; path = SettingIcon.png; sourceTree = "<group>"; };
		DDF961031A7E9E0300AC8A0B /* SettingIcon@2x.png */ = {isa = PBXFileReference; lastKnownFileType = image.png; path = "SettingIcon@2x.png"; sourceTree = "<group>"; };
		DDF961041A7E9E0300AC8A0B /* Single.png */ = {isa = PBXFileReference; lastKnownFileType = image.png; path = Single.png; sourceTree = "<group>"; };
		DDF961051A7E9E0300AC8A0B /* Single@2x.png */ = {isa = PBXFileReference; lastKnownFileType = image.png; path = "Single@2x.png"; sourceTree = "<group>"; };
		DDF961061A7E9E0300AC8A0B /* StatusIcon.png */ = {isa = PBXFileReference; lastKnownFileType = image.png; path = StatusIcon.png; sourceTree = "<group>"; };
		DDF961071A7E9E0300AC8A0B /* StatusIcon@2x.png */ = {isa = PBXFileReference; lastKnownFileType = image.png; path = "StatusIcon@2x.png"; sourceTree = "<group>"; };
		DDF961081A7E9E0300AC8A0B /* UserImage.png */ = {isa = PBXFileReference; lastKnownFileType = image.png; path = UserImage.png; sourceTree = "<group>"; };
		DDF961091A7E9E0300AC8A0B /* UserImage@2x.png */ = {isa = PBXFileReference; lastKnownFileType = image.png; path = "UserImage@2x.png"; sourceTree = "<group>"; };
		DDF9610A1A7E9E0300AC8A0B /* VP_BG.png */ = {isa = PBXFileReference; lastKnownFileType = image.png; path = VP_BG.png; sourceTree = "<group>"; };
		DDF9610B1A7E9E0300AC8A0B /* VP_BG@2x.png */ = {isa = PBXFileReference; lastKnownFileType = image.png; path = "VP_BG@2x.png"; sourceTree = "<group>"; };
		DDF9610D1A7E9E0300AC8A0B /* back-icon.png */ = {isa = PBXFileReference; lastKnownFileType = image.png; path = "back-icon.png"; sourceTree = "<group>"; };
		DDF9610E1A7E9E0300AC8A0B /* back-icon@2x.png */ = {isa = PBXFileReference; lastKnownFileType = image.png; path = "back-icon@2x.png"; sourceTree = "<group>"; };
		DDF9610F1A7E9E0300AC8A0B /* BG.png */ = {isa = PBXFileReference; lastKnownFileType = image.png; path = BG.png; sourceTree = "<group>"; };
		DDF961101A7E9E0300AC8A0B /* BG@2x.png */ = {isa = PBXFileReference; lastKnownFileType = image.png; path = "BG@2x.png"; sourceTree = "<group>"; };
		DDF961111A7E9E0300AC8A0B /* Chat_user.png */ = {isa = PBXFileReference; lastKnownFileType = image.png; path = Chat_user.png; sourceTree = "<group>"; };
		DDF961121A7E9E0300AC8A0B /* Chat_user@2x.png */ = {isa = PBXFileReference; lastKnownFileType = image.png; path = "Chat_user@2x.png"; sourceTree = "<group>"; };
		DDF961131A7E9E0300AC8A0B /* menu-icon.png */ = {isa = PBXFileReference; lastKnownFileType = image.png; path = "menu-icon.png"; sourceTree = "<group>"; };
		DDF961141A7E9E0300AC8A0B /* menu-icon@2x.png */ = {isa = PBXFileReference; lastKnownFileType = image.png; path = "menu-icon@2x.png"; sourceTree = "<group>"; };
		DDF961151A7E9E0300AC8A0B /* SettingIcon.png */ = {isa = PBXFileReference; lastKnownFileType = image.png; path = SettingIcon.png; sourceTree = "<group>"; };
		DDF961161A7E9E0300AC8A0B /* SettingIcon@2x.png */ = {isa = PBXFileReference; lastKnownFileType = image.png; path = "SettingIcon@2x.png"; sourceTree = "<group>"; };
		DDF961171A7E9E0300AC8A0B /* Top_NavBG.png */ = {isa = PBXFileReference; lastKnownFileType = image.png; path = Top_NavBG.png; sourceTree = "<group>"; };
		DDF961181A7E9E0300AC8A0B /* Top_NavBG@2x.png */ = {isa = PBXFileReference; lastKnownFileType = image.png; path = "Top_NavBG@2x.png"; sourceTree = "<group>"; };
		DDF9611A1A7E9E0300AC8A0B /* back-icon.png */ = {isa = PBXFileReference; lastKnownFileType = image.png; path = "back-icon.png"; sourceTree = "<group>"; };
		DDF9611B1A7E9E0300AC8A0B /* back-icon@2x.png */ = {isa = PBXFileReference; lastKnownFileType = image.png; path = "back-icon@2x.png"; sourceTree = "<group>"; };
		DDF9611C1A7E9E0300AC8A0B /* BG.png */ = {isa = PBXFileReference; lastKnownFileType = image.png; path = BG.png; sourceTree = "<group>"; };
		DDF9611D1A7E9E0300AC8A0B /* BG@2x.png */ = {isa = PBXFileReference; lastKnownFileType = image.png; path = "BG@2x.png"; sourceTree = "<group>"; };
		DDF9611E1A7E9E0300AC8A0B /* form.png */ = {isa = PBXFileReference; lastKnownFileType = image.png; path = form.png; sourceTree = "<group>"; };
		DDF9611F1A7E9E0300AC8A0B /* form@2x.png */ = {isa = PBXFileReference; lastKnownFileType = image.png; path = "form@2x.png"; sourceTree = "<group>"; };
		DDF961201A7E9E0300AC8A0B /* menu-icon.png */ = {isa = PBXFileReference; lastKnownFileType = image.png; path = "menu-icon.png"; sourceTree = "<group>"; };
		DDF961211A7E9E0300AC8A0B /* menu-icon@2x.png */ = {isa = PBXFileReference; lastKnownFileType = image.png; path = "menu-icon@2x.png"; sourceTree = "<group>"; };
		DDF961221A7E9E0300AC8A0B /* Send_Bar_BG.png */ = {isa = PBXFileReference; lastKnownFileType = image.png; path = Send_Bar_BG.png; sourceTree = "<group>"; };
		DDF961231A7E9E0300AC8A0B /* Send_Bar_BG@2x.png */ = {isa = PBXFileReference; lastKnownFileType = image.png; path = "Send_Bar_BG@2x.png"; sourceTree = "<group>"; };
		DDF961241A7E9E0300AC8A0B /* SettingIcon.png */ = {isa = PBXFileReference; lastKnownFileType = image.png; path = SettingIcon.png; sourceTree = "<group>"; };
		DDF961251A7E9E0300AC8A0B /* SettingIcon@2x.png */ = {isa = PBXFileReference; lastKnownFileType = image.png; path = "SettingIcon@2x.png"; sourceTree = "<group>"; };
		DDF961261A7E9E0300AC8A0B /* Top_NavBG.png */ = {isa = PBXFileReference; lastKnownFileType = image.png; path = Top_NavBG.png; sourceTree = "<group>"; };
		DDF961271A7E9E0300AC8A0B /* Top_NavBG@2x.png */ = {isa = PBXFileReference; lastKnownFileType = image.png; path = "Top_NavBG@2x.png"; sourceTree = "<group>"; };
		DDF961291A7E9E0300AC8A0B /* back-icon.png */ = {isa = PBXFileReference; lastKnownFileType = image.png; path = "back-icon.png"; sourceTree = "<group>"; };
		DDF9612A1A7E9E0300AC8A0B /* back-icon@2x.png */ = {isa = PBXFileReference; lastKnownFileType = image.png; path = "back-icon@2x.png"; sourceTree = "<group>"; };
		DDF9612B1A7E9E0300AC8A0B /* BG.png */ = {isa = PBXFileReference; lastKnownFileType = image.png; path = BG.png; sourceTree = "<group>"; };
		DDF9612C1A7E9E0300AC8A0B /* BG@2x.png */ = {isa = PBXFileReference; lastKnownFileType = image.png; path = "BG@2x.png"; sourceTree = "<group>"; };
		DDF9612D1A7E9E0300AC8A0B /* EditProfile.png */ = {isa = PBXFileReference; lastKnownFileType = image.png; path = EditProfile.png; sourceTree = "<group>"; };
		DDF9612E1A7E9E0300AC8A0B /* EditProfile@2x.png */ = {isa = PBXFileReference; lastKnownFileType = image.png; path = "EditProfile@2x.png"; sourceTree = "<group>"; };
		DDF9612F1A7E9E0300AC8A0B /* Logout.png */ = {isa = PBXFileReference; lastKnownFileType = image.png; path = Logout.png; sourceTree = "<group>"; };
		DDF961301A7E9E0300AC8A0B /* Logout@2x.png */ = {isa = PBXFileReference; lastKnownFileType = image.png; path = "Logout@2x.png"; sourceTree = "<group>"; };
		DDF961311A7E9E0300AC8A0B /* menu-icon.png */ = {isa = PBXFileReference; lastKnownFileType = image.png; path = "menu-icon.png"; sourceTree = "<group>"; };
		DDF961321A7E9E0300AC8A0B /* menu-icon@2x.png */ = {isa = PBXFileReference; lastKnownFileType = image.png; path = "menu-icon@2x.png"; sourceTree = "<group>"; };
		DDF961331A7E9E0300AC8A0B /* SettingIcon.png */ = {isa = PBXFileReference; lastKnownFileType = image.png; path = SettingIcon.png; sourceTree = "<group>"; };
		DDF961341A7E9E0300AC8A0B /* SettingIcon@2x.png */ = {isa = PBXFileReference; lastKnownFileType = image.png; path = "SettingIcon@2x.png"; sourceTree = "<group>"; };
		DDF961351A7E9E0300AC8A0B /* Top_NavBG.png */ = {isa = PBXFileReference; lastKnownFileType = image.png; path = Top_NavBG.png; sourceTree = "<group>"; };
		DDF961361A7E9E0300AC8A0B /* Top_NavBG@2x.png */ = {isa = PBXFileReference; lastKnownFileType = image.png; path = "Top_NavBG@2x.png"; sourceTree = "<group>"; };
		DDF961381A7E9E0300AC8A0B /* About_BG.png */ = {isa = PBXFileReference; lastKnownFileType = image.png; path = About_BG.png; sourceTree = "<group>"; };
		DDF961391A7E9E0300AC8A0B /* About_BG@2x.png */ = {isa = PBXFileReference; lastKnownFileType = image.png; path = "About_BG@2x.png"; sourceTree = "<group>"; };
		DDF9613A1A7E9E0300AC8A0B /* back-icon.png */ = {isa = PBXFileReference; lastKnownFileType = image.png; path = "back-icon.png"; sourceTree = "<group>"; };
		DDF9613B1A7E9E0300AC8A0B /* back-icon@2x.png */ = {isa = PBXFileReference; lastKnownFileType = image.png; path = "back-icon@2x.png"; sourceTree = "<group>"; };
		DDF9613C1A7E9E0300AC8A0B /* BG.png */ = {isa = PBXFileReference; lastKnownFileType = image.png; path = BG.png; sourceTree = "<group>"; };
		DDF9613D1A7E9E0300AC8A0B /* BG@2x.png */ = {isa = PBXFileReference; lastKnownFileType = image.png; path = "BG@2x.png"; sourceTree = "<group>"; };
		DDF9613E1A7E9E0300AC8A0B /* menu-icon.png */ = {isa = PBXFileReference; lastKnownFileType = image.png; path = "menu-icon.png"; sourceTree = "<group>"; };
		DDF9613F1A7E9E0300AC8A0B /* menu-icon@2x.png */ = {isa = PBXFileReference; lastKnownFileType = image.png; path = "menu-icon@2x.png"; sourceTree = "<group>"; };
		DDF961401A7E9E0300AC8A0B /* SettingIcon.png */ = {isa = PBXFileReference; lastKnownFileType = image.png; path = SettingIcon.png; sourceTree = "<group>"; };
		DDF961411A7E9E0300AC8A0B /* SettingIcon@2x.png */ = {isa = PBXFileReference; lastKnownFileType = image.png; path = "SettingIcon@2x.png"; sourceTree = "<group>"; };
		DDF961421A7E9E0300AC8A0B /* Top_NavBG.png */ = {isa = PBXFileReference; lastKnownFileType = image.png; path = Top_NavBG.png; sourceTree = "<group>"; };
		DDF961431A7E9E0300AC8A0B /* Top_NavBG@2x.png */ = {isa = PBXFileReference; lastKnownFileType = image.png; path = "Top_NavBG@2x.png"; sourceTree = "<group>"; };
		DDF961441A7E9E0300AC8A0B /* UserImage.png */ = {isa = PBXFileReference; lastKnownFileType = image.png; path = UserImage.png; sourceTree = "<group>"; };
		DDF961451A7E9E0300AC8A0B /* UserImage@2x.png */ = {isa = PBXFileReference; lastKnownFileType = image.png; path = "UserImage@2x.png"; sourceTree = "<group>"; };
		DDF961471A7E9E0300AC8A0B /* ChatNow_Icon.png */ = {isa = PBXFileReference; lastKnownFileType = image.png; path = ChatNow_Icon.png; sourceTree = "<group>"; };
		DDF961481A7E9E0300AC8A0B /* ChatNow_Icon@2x.png */ = {isa = PBXFileReference; lastKnownFileType = image.png; path = "ChatNow_Icon@2x.png"; sourceTree = "<group>"; };
		DDF961491A7E9E0300AC8A0B /* Close-Button.png */ = {isa = PBXFileReference; lastKnownFileType = image.png; path = "Close-Button.png"; sourceTree = "<group>"; };
		DDF9614A1A7E9E0300AC8A0B /* Close-Button@2x.png */ = {isa = PBXFileReference; lastKnownFileType = image.png; path = "Close-Button@2x.png"; sourceTree = "<group>"; };
		DDF9614C1A7E9E0300AC8A0B /* back-icon.png */ = {isa = PBXFileReference; lastKnownFileType = image.png; path = "back-icon.png"; sourceTree = "<group>"; };
		DDF9614D1A7E9E0300AC8A0B /* back-icon@2x.png */ = {isa = PBXFileReference; lastKnownFileType = image.png; path = "back-icon@2x.png"; sourceTree = "<group>"; };
		DDF9614E1A7E9E0300AC8A0B /* ChatIcon.png */ = {isa = PBXFileReference; lastKnownFileType = image.png; path = ChatIcon.png; sourceTree = "<group>"; };
		DDF9614F1A7E9E0300AC8A0B /* ChatIcon@2x.png */ = {isa = PBXFileReference; lastKnownFileType = image.png; path = "ChatIcon@2x.png"; sourceTree = "<group>"; };
		DDF961501A7E9E0300AC8A0B /* SettingIcon.png */ = {isa = PBXFileReference; lastKnownFileType = image.png; path = SettingIcon.png; sourceTree = "<group>"; };
		DDF961511A7E9E0300AC8A0B /* SettingIcon@2x.png */ = {isa = PBXFileReference; lastKnownFileType = image.png; path = "SettingIcon@2x.png"; sourceTree = "<group>"; };
		DDF961541A7E9E0300AC8A0B /* 1024_icon-1-01.png */ = {isa = PBXFileReference; lastKnownFileType = image.png; path = "1024_icon-1-01.png"; sourceTree = "<group>"; };
		DDF961561A7E9E0300AC8A0B /* Icon-72.png */ = {isa = PBXFileReference; lastKnownFileType = image.png; path = "Icon-72.png"; sourceTree = "<group>"; };
		DDF961571A7E9E0300AC8A0B /* Icon-72@2x.png */ = {isa = PBXFileReference; lastKnownFileType = image.png; path = "Icon-72@2x.png"; sourceTree = "<group>"; };
		DDF961581A7E9E0300AC8A0B /* Icon-Small-50.png */ = {isa = PBXFileReference; lastKnownFileType = image.png; path = "Icon-Small-50.png"; sourceTree = "<group>"; };
		DDF961591A7E9E0300AC8A0B /* Icon-Small-50@2x.png */ = {isa = PBXFileReference; lastKnownFileType = image.png; path = "Icon-Small-50@2x.png"; sourceTree = "<group>"; };
		DDF9615A1A7E9E0300AC8A0B /* Icon-Small.png */ = {isa = PBXFileReference; lastKnownFileType = image.png; path = "Icon-Small.png"; sourceTree = "<group>"; };
		DDF9615B1A7E9E0300AC8A0B /* Icon-Small@2x.png */ = {isa = PBXFileReference; lastKnownFileType = image.png; path = "Icon-Small@2x.png"; sourceTree = "<group>"; };
		DDF9615C1A7E9E0300AC8A0B /* Icon.png */ = {isa = PBXFileReference; lastKnownFileType = image.png; path = Icon.png; sourceTree = "<group>"; };
		DDF9615D1A7E9E0300AC8A0B /* Icon@2x.png */ = {isa = PBXFileReference; lastKnownFileType = image.png; path = "Icon@2x.png"; sourceTree = "<group>"; };
		DDF9615E1A7E9E0300AC8A0B /* iTunesArtwork.png */ = {isa = PBXFileReference; lastKnownFileType = image.png; path = iTunesArtwork.png; sourceTree = "<group>"; };
		DDF9615F1A7E9E0300AC8A0B /* iTunesArtwork@2x.png */ = {isa = PBXFileReference; lastKnownFileType = image.png; path = "iTunesArtwork@2x.png"; sourceTree = "<group>"; };
		DDF961611A7E9E0300AC8A0B /* Icon-40.png */ = {isa = PBXFileReference; lastKnownFileType = image.png; path = "Icon-40.png"; sourceTree = "<group>"; };
		DDF961621A7E9E0300AC8A0B /* Icon-40@2x.png */ = {isa = PBXFileReference; lastKnownFileType = image.png; path = "Icon-40@2x.png"; sourceTree = "<group>"; };
		DDF961631A7E9E0300AC8A0B /* Icon-60.png */ = {isa = PBXFileReference; lastKnownFileType = image.png; path = "Icon-60.png"; sourceTree = "<group>"; };
		DDF961641A7E9E0300AC8A0B /* Icon-60@2x.png */ = {isa = PBXFileReference; lastKnownFileType = image.png; path = "Icon-60@2x.png"; sourceTree = "<group>"; };
		DDF961651A7E9E0300AC8A0B /* Icon-72.png */ = {isa = PBXFileReference; lastKnownFileType = image.png; path = "Icon-72.png"; sourceTree = "<group>"; };
		DDF961661A7E9E0300AC8A0B /* Icon-72@2x.png */ = {isa = PBXFileReference; lastKnownFileType = image.png; path = "Icon-72@2x.png"; sourceTree = "<group>"; };
		DDF961671A7E9E0300AC8A0B /* Icon-76.png */ = {isa = PBXFileReference; lastKnownFileType = image.png; path = "Icon-76.png"; sourceTree = "<group>"; };
		DDF961681A7E9E0300AC8A0B /* Icon-76@2x.png */ = {isa = PBXFileReference; lastKnownFileType = image.png; path = "Icon-76@2x.png"; sourceTree = "<group>"; };
		DDF961691A7E9E0300AC8A0B /* Icon-Small-50.png */ = {isa = PBXFileReference; lastKnownFileType = image.png; path = "Icon-Small-50.png"; sourceTree = "<group>"; };
		DDF9616A1A7E9E0300AC8A0B /* Icon-Small-50@2x.png */ = {isa = PBXFileReference; lastKnownFileType = image.png; path = "Icon-Small-50@2x.png"; sourceTree = "<group>"; };
		DDF9616B1A7E9E0300AC8A0B /* Icon-Small.png */ = {isa = PBXFileReference; lastKnownFileType = image.png; path = "Icon-Small.png"; sourceTree = "<group>"; };
		DDF9616C1A7E9E0300AC8A0B /* Icon-Small@2x.png */ = {isa = PBXFileReference; lastKnownFileType = image.png; path = "Icon-Small@2x.png"; sourceTree = "<group>"; };
		DDF9616D1A7E9E0300AC8A0B /* Icon.png */ = {isa = PBXFileReference; lastKnownFileType = image.png; path = Icon.png; sourceTree = "<group>"; };
		DDF9616E1A7E9E0300AC8A0B /* Icon@2x.png */ = {isa = PBXFileReference; lastKnownFileType = image.png; path = "Icon@2x.png"; sourceTree = "<group>"; };
		DDF9616F1A7E9E0300AC8A0B /* iTunesArtwork.png */ = {isa = PBXFileReference; lastKnownFileType = image.png; path = iTunesArtwork.png; sourceTree = "<group>"; };
		DDF961701A7E9E0300AC8A0B /* iTunesArtwork@2x.png */ = {isa = PBXFileReference; lastKnownFileType = image.png; path = "iTunesArtwork@2x.png"; sourceTree = "<group>"; };
		DDF961711A7E9E0300AC8A0B /* Matched_Up_DesignV3_red.pdf */ = {isa = PBXFileReference; lastKnownFileType = image.pdf; path = Matched_Up_DesignV3_red.pdf; sourceTree = "<group>"; };
/* End PBXFileReference section */

/* Begin PBXFrameworksBuildPhase section */
		DD9F993F1A62D818005B4445 /* Frameworks */ = {
			isa = PBXFrameworksBuildPhase;
			buildActionMask = 2147483647;
			files = (
				7080104EA370D98E093C2982 /* libPods.a in Frameworks */,
			);
			runOnlyForDeploymentPostprocessing = 0;
		};
		DD9F995B1A62D818005B4445 /* Frameworks */ = {
			isa = PBXFrameworksBuildPhase;
			buildActionMask = 2147483647;
			files = (
			);
			runOnlyForDeploymentPostprocessing = 0;
		};
/* End PBXFrameworksBuildPhase section */

/* Begin PBXGroup section */
		9F88FB4ED7B266FDCBD0EE85 /* Pods */ = {
			isa = PBXGroup;
			children = (
				DC5E6D324B3C83220DACC12D /* Pods.debug.xcconfig */,
				62698E773710A99E3454A039 /* Pods.release.xcconfig */,
			);
			name = Pods;
			sourceTree = "<group>";
		};
		C6836495FA66CC233EE98449 /* Frameworks */ = {
			isa = PBXGroup;
			children = (
				5280840961B0E58EE5223C9F /* libPods.a */,
			);
			name = Frameworks;
			sourceTree = "<group>";
		};
		DD01FED41A76DC99004D1A4A /* Match */ = {
			isa = PBXGroup;
			children = (
				DD4BB1801A82B50100170CF9 /* Transition Helper */,
				DD01FED51A76DCB6004D1A4A /* MatchViewController.h */,
				DD01FED61A76DCB6004D1A4A /* MatchViewController.m */,
			);
			name = Match;
			sourceTree = "<group>";
		};
		DD01FED81A76DE43004D1A4A /* Matches */ = {
			isa = PBXGroup;
			children = (
				DD01FED91A76DE58004D1A4A /* MatchesViewController.h */,
				DD01FEDA1A76DE58004D1A4A /* MatchesViewController.m */,
			);
			name = Matches;
			sourceTree = "<group>";
		};
		DD01FEDC1A76DEB1004D1A4A /* Chat */ = {
			isa = PBXGroup;
			children = (
				DDDE03C61A76E051007F539B /* ChatViewController.h */,
				DDDE03C71A76E051007F539B /* ChatViewController.m */,
			);
			name = Chat;
			sourceTree = "<group>";
		};
		DD4BB1801A82B50100170CF9 /* Transition Helper */ = {
			isa = PBXGroup;
			children = (
				DD4BB1811A82B52500170CF9 /* TransistionAnimator.h */,
				DD4BB1821A82B52500170CF9 /* TransistionAnimator.m */,
			);
			name = "Transition Helper";
			sourceTree = "<group>";
		};
		DD507BB41A71A58700F5EF47 /* Create Parse User */ = {
			isa = PBXGroup;
			children = (
				DD507BB51A71AA4B00F5EF47 /* TestUser.h */,
				DD507BB61A71AA4B00F5EF47 /* TestUser.m */,
			);
			name = "Create Parse User";
			sourceTree = "<group>";
		};
		DD612E931A6F0000002B6294 /* Profile */ = {
			isa = PBXGroup;
			children = (
				DD612E941A6F000A002B6294 /* ProfileViewController.h */,
				DD612E951A6F000A002B6294 /* ProfileViewController.m */,
			);
			name = Profile;
			sourceTree = "<group>";
		};
		DD6FFAE11A6D8BAD00816CDB /* Login */ = {
			isa = PBXGroup;
			children = (
				DD9F996E1A62D8AF005B4445 /* LogInViewController.h */,
				DD9F996F1A62D8AF005B4445 /* LogInViewController.m */,
			);
			name = Login;
			sourceTree = "<group>";
		};
		DD6FFAE21A6D8BB400816CDB /* Home */ = {
			isa = PBXGroup;
			children = (
				DD6FFAE31A6D8BEC00816CDB /* HomeViewController.h */,
				DD6FFAE41A6D8BEC00816CDB /* HomeViewController.m */,
			);
			name = Home;
			sourceTree = "<group>";
		};
		DD6FFAE61A6D8E5500816CDB /* Settings */ = {
			isa = PBXGroup;
			children = (
				DD6FFAE71A6D8E6000816CDB /* SettingsViewController.h */,
				DD6FFAE81A6D8E6000816CDB /* SettingsViewController.m */,
				DDF960CC1A7E77DD00AC8A0B /* defaultPrefsFile.plist */,
			);
			name = Settings;
			sourceTree = "<group>";
		};
		DD6FFAEA1A6DBB7100816CDB /* Edit Profile */ = {
			isa = PBXGroup;
			children = (
				DD6FFAEB1A6DBBB100816CDB /* EditProfileViewController.h */,
				DD6FFAEC1A6DBBB100816CDB /* EditProfileViewController.m */,
			);
			name = "Edit Profile";
			sourceTree = "<group>";
		};
		DD9F99391A62D818005B4445 = {
			isa = PBXGroup;
			children = (
				DD9F99441A62D818005B4445 /* MatchedUp */,
				DD9F99611A62D818005B4445 /* MatchedUpTests */,
				DD9F99431A62D818005B4445 /* Products */,
				9F88FB4ED7B266FDCBD0EE85 /* Pods */,
				C6836495FA66CC233EE98449 /* Frameworks */,
			);
			sourceTree = "<group>";
		};
		DD9F99431A62D818005B4445 /* Products */ = {
			isa = PBXGroup;
			children = (
				DD9F99421A62D818005B4445 /* MatchedUp.app */,
				DD9F995E1A62D818005B4445 /* MatchedUpTests.xctest */,
			);
			name = Products;
			sourceTree = "<group>";
		};
		DD9F99441A62D818005B4445 /* MatchedUp */ = {
			isa = PBXGroup;
			children = (
				DD01FEDC1A76DEB1004D1A4A /* Chat */,
				DD01FED81A76DE43004D1A4A /* Matches */,
				DD01FED41A76DC99004D1A4A /* Match */,
				DD507BB41A71A58700F5EF47 /* Create Parse User */,
				DD612E931A6F0000002B6294 /* Profile */,
				DD6FFAEA1A6DBB7100816CDB /* Edit Profile */,
				DD6FFAE61A6D8E5500816CDB /* Settings */,
				DD6FFAE21A6D8BB400816CDB /* Home */,
				DD6FFAE11A6D8BAD00816CDB /* Login */,
				DD7CE0DF1A65C97200691BDD /* MatchedUp-Prefix.pch */,
				DD9F99491A62D818005B4445 /* AppDelegate.h */,
				DD9F994A1A62D818005B4445 /* AppDelegate.m */,
				DD9F99521A62D818005B4445 /* Main.storyboard */,
				DD9F99551A62D818005B4445 /* Images.xcassets */,
				DD9F99571A62D818005B4445 /* LaunchScreen.xib */,
				DD9F99451A62D818005B4445 /* Supporting Files */,
			);
			path = MatchedUp;
			sourceTree = "<group>";
		};
		DD9F99451A62D818005B4445 /* Supporting Files */ = {
			isa = PBXGroup;
			children = (
				DD507BB81A71AC4300F5EF47 /* person1.jpeg */,
				DDF960CE1A7E9E0300AC8A0B /* Matched_Up_assets */,
				DD507BB91A71AC4300F5EF47 /* person2.jpeg */,
				DD507BBA1A71AC4300F5EF47 /* person3.jpg */,
				DD507BBB1A71AC4300F5EF47 /* person4.jpeg */,
				DD9F99461A62D818005B4445 /* Info.plist */,
				DD9F99471A62D818005B4445 /* main.m */,
				DD7CE0DC1A65C92700691BDD /* Constants.h */,
				DD7CE0DD1A65C92700691BDD /* Constants.m */,
			);
			name = "Supporting Files";
			sourceTree = "<group>";
		};
		DD9F99611A62D818005B4445 /* MatchedUpTests */ = {
			isa = PBXGroup;
			children = (
				DD9F99641A62D818005B4445 /* MatchedUpTests.m */,
				DD9F99621A62D818005B4445 /* Supporting Files */,
			);
			path = MatchedUpTests;
			sourceTree = "<group>";
		};
		DD9F99621A62D818005B4445 /* Supporting Files */ = {
			isa = PBXGroup;
			children = (
				DD9F99631A62D818005B4445 /* Info.plist */,
			);
			name = "Supporting Files";
			sourceTree = "<group>";
		};
		DDF960CE1A7E9E0300AC8A0B /* Matched_Up_assets */ = {
			isa = PBXGroup;
			children = (
				DDF960CF1A7E9E0300AC8A0B /* 00_SplashPage */,
				DDF960D51A7E9E0300AC8A0B /* 01_LoginScreen */,
				DDF960DA1A7E9E0300AC8A0B /* 02_HomeScreen */,
				DDF960EF1A7E9E0300AC8A0B /* 03_Profile */,
				DDF9610C1A7E9E0300AC8A0B /* 04_ChatList */,
				DDF961191A7E9E0300AC8A0B /* 05_ChatWindow */,
				DDF961281A7E9E0300AC8A0B /* 06_Settings */,
				DDF961371A7E9E0300AC8A0B /* 07_Profile_Edit */,
				DDF961461A7E9E0300AC8A0B /* 08_Match */,
				DDF9614B1A7E9E0300AC8A0B /* _44px_Icon */,
				DDF961521A7E9E0300AC8A0B /* appicon */,
				DDF961711A7E9E0300AC8A0B /* Matched_Up_DesignV3_red.pdf */,
			);
			path = Matched_Up_assets;
			sourceTree = "<group>";
		};
		DDF960CF1A7E9E0300AC8A0B /* 00_SplashPage */ = {
			isa = PBXGroup;
			children = (
				DDF960D01A7E9E0300AC8A0B /* 960 */,
				DDF960D31A7E9E0300AC8A0B /* BG.png */,
				DDF960D41A7E9E0300AC8A0B /* BG@2x.png */,
			);
			path = 00_SplashPage;
			sourceTree = "<group>";
		};
		DDF960D01A7E9E0300AC8A0B /* 960 */ = {
			isa = PBXGroup;
			children = (
				DDF960D11A7E9E0300AC8A0B /* BG.png */,
				DDF960D21A7E9E0300AC8A0B /* BG@2x.png */,
			);
			path = 960;
			sourceTree = "<group>";
		};
		DDF960D51A7E9E0300AC8A0B /* 01_LoginScreen */ = {
			isa = PBXGroup;
			children = (
				DDF960D61A7E9E0300AC8A0B /* Facebook.png */,
				DDF960D71A7E9E0300AC8A0B /* Facebook@2x.png */,
				DDF960D81A7E9E0300AC8A0B /* Logo.png */,
				DDF960D91A7E9E0300AC8A0B /* Logo@2x.png */,
			);
			path = 01_LoginScreen;
			sourceTree = "<group>";
		};
		DDF960DA1A7E9E0300AC8A0B /* 02_HomeScreen */ = {
			isa = PBXGroup;
			children = (
				DDF960DB1A7E9E0300AC8A0B /* BG.png */,
				DDF960DC1A7E9E0300AC8A0B /* BG@2x.png */,
				DDF960DD1A7E9E0300AC8A0B /* ChatIcon.png */,
				DDF960DE1A7E9E0300AC8A0B /* ChatIcon@2x.png */,
				DDF960DF1A7E9E0300AC8A0B /* DislikeIcon.png */,
				DDF960E01A7E9E0300AC8A0B /* DislikeIcon@2x.png */,
				DDF960E11A7E9E0300AC8A0B /* InfoIcon.png */,
				DDF960E21A7E9E0300AC8A0B /* InfoIcon@2x.png */,
				DDF960E31A7E9E0300AC8A0B /* LikeIcon.png */,
				DDF960E41A7E9E0300AC8A0B /* LikeIcon@2x.png */,
				DDF960E51A7E9E0300AC8A0B /* Matched-Up.png */,
				DDF960E61A7E9E0300AC8A0B /* Matched-Up@2x.png */,
				DDF960E71A7E9E0300AC8A0B /* SettingIcon.png */,
				DDF960E81A7E9E0300AC8A0B /* SettingIcon@2x.png */,
				DDF960E91A7E9E0300AC8A0B /* Top_NavBG.png */,
				DDF960EA1A7E9E0300AC8A0B /* Top_NavBG@2x.png */,
				DDF960EB1A7E9E0300AC8A0B /* User_Image.png */,
				DDF960EC1A7E9E0300AC8A0B /* User_Image@2x.png */,
				DDF960ED1A7E9E0300AC8A0B /* VP_BG.png */,
				DDF960EE1A7E9E0300AC8A0B /* VP_BG@2x.png */,
			);
			path = 02_HomeScreen;
			sourceTree = "<group>";
		};
		DDF960EF1A7E9E0300AC8A0B /* 03_Profile */ = {
			isa = PBXGroup;
			children = (
				DDF960F01A7E9E0300AC8A0B /* About_BG.png */,
				DDF960F11A7E9E0300AC8A0B /* About_BG@2x.png */,
				DDF960F21A7E9E0300AC8A0B /* AgeIcon.png */,
				DDF960F31A7E9E0300AC8A0B /* AgeIcon@2x.png */,
				DDF960F41A7E9E0300AC8A0B /* BG.png */,
				DDF960F51A7E9E0300AC8A0B /* BG@2x.png */,
				DDF960F61A7E9E0300AC8A0B /* ChatIcon.png */,
				DDF960F71A7E9E0300AC8A0B /* ChatIcon@2x.png */,
				DDF960F81A7E9E0300AC8A0B /* DislikeIcon.png */,
				DDF960F91A7E9E0300AC8A0B /* DislikeIcon@2x.png */,
				DDF960FA1A7E9E0300AC8A0B /* InfoIcon.png */,
				DDF960FB1A7E9E0300AC8A0B /* InfoIcon@2x.png */,
				DDF960FC1A7E9E0300AC8A0B /* LikeIcon.png */,
				DDF960FD1A7E9E0300AC8A0B /* LikeIcon@2x.png */,
				DDF960FE1A7E9E0300AC8A0B /* location.png */,
				DDF960FF1A7E9E0300AC8A0B /* location@2x.png */,
				DDF961001A7E9E0300AC8A0B /* NameAgeStatusBar.png */,
				DDF961011A7E9E0300AC8A0B /* NameAgeStatusBar@2x.png */,
				DDF961021A7E9E0300AC8A0B /* SettingIcon.png */,
				DDF961031A7E9E0300AC8A0B /* SettingIcon@2x.png */,
				DDF961041A7E9E0300AC8A0B /* Single.png */,
				DDF961051A7E9E0300AC8A0B /* Single@2x.png */,
				DDF961061A7E9E0300AC8A0B /* StatusIcon.png */,
				DDF961071A7E9E0300AC8A0B /* StatusIcon@2x.png */,
				DDF961081A7E9E0300AC8A0B /* UserImage.png */,
				DDF961091A7E9E0300AC8A0B /* UserImage@2x.png */,
				DDF9610A1A7E9E0300AC8A0B /* VP_BG.png */,
				DDF9610B1A7E9E0300AC8A0B /* VP_BG@2x.png */,
			);
			path = 03_Profile;
			sourceTree = "<group>";
		};
		DDF9610C1A7E9E0300AC8A0B /* 04_ChatList */ = {
			isa = PBXGroup;
			children = (
				DDF9610D1A7E9E0300AC8A0B /* back-icon.png */,
				DDF9610E1A7E9E0300AC8A0B /* back-icon@2x.png */,
				DDF9610F1A7E9E0300AC8A0B /* BG.png */,
				DDF961101A7E9E0300AC8A0B /* BG@2x.png */,
				DDF961111A7E9E0300AC8A0B /* Chat_user.png */,
				DDF961121A7E9E0300AC8A0B /* Chat_user@2x.png */,
				DDF961131A7E9E0300AC8A0B /* menu-icon.png */,
				DDF961141A7E9E0300AC8A0B /* menu-icon@2x.png */,
				DDF961151A7E9E0300AC8A0B /* SettingIcon.png */,
				DDF961161A7E9E0300AC8A0B /* SettingIcon@2x.png */,
				DDF961171A7E9E0300AC8A0B /* Top_NavBG.png */,
				DDF961181A7E9E0300AC8A0B /* Top_NavBG@2x.png */,
			);
			path = 04_ChatList;
			sourceTree = "<group>";
		};
		DDF961191A7E9E0300AC8A0B /* 05_ChatWindow */ = {
			isa = PBXGroup;
			children = (
				DDF9611A1A7E9E0300AC8A0B /* back-icon.png */,
				DDF9611B1A7E9E0300AC8A0B /* back-icon@2x.png */,
				DDF9611C1A7E9E0300AC8A0B /* BG.png */,
				DDF9611D1A7E9E0300AC8A0B /* BG@2x.png */,
				DDF9611E1A7E9E0300AC8A0B /* form.png */,
				DDF9611F1A7E9E0300AC8A0B /* form@2x.png */,
				DDF961201A7E9E0300AC8A0B /* menu-icon.png */,
				DDF961211A7E9E0300AC8A0B /* menu-icon@2x.png */,
				DDF961221A7E9E0300AC8A0B /* Send_Bar_BG.png */,
				DDF961231A7E9E0300AC8A0B /* Send_Bar_BG@2x.png */,
				DDF961241A7E9E0300AC8A0B /* SettingIcon.png */,
				DDF961251A7E9E0300AC8A0B /* SettingIcon@2x.png */,
				DDF961261A7E9E0300AC8A0B /* Top_NavBG.png */,
				DDF961271A7E9E0300AC8A0B /* Top_NavBG@2x.png */,
			);
			path = 05_ChatWindow;
			sourceTree = "<group>";
		};
		DDF961281A7E9E0300AC8A0B /* 06_Settings */ = {
			isa = PBXGroup;
			children = (
				DDF961291A7E9E0300AC8A0B /* back-icon.png */,
				DDF9612A1A7E9E0300AC8A0B /* back-icon@2x.png */,
				DDF9612B1A7E9E0300AC8A0B /* BG.png */,
				DDF9612C1A7E9E0300AC8A0B /* BG@2x.png */,
				DDF9612D1A7E9E0300AC8A0B /* EditProfile.png */,
				DDF9612E1A7E9E0300AC8A0B /* EditProfile@2x.png */,
				DDF9612F1A7E9E0300AC8A0B /* Logout.png */,
				DDF961301A7E9E0300AC8A0B /* Logout@2x.png */,
				DDF961311A7E9E0300AC8A0B /* menu-icon.png */,
				DDF961321A7E9E0300AC8A0B /* menu-icon@2x.png */,
				DDF961331A7E9E0300AC8A0B /* SettingIcon.png */,
				DDF961341A7E9E0300AC8A0B /* SettingIcon@2x.png */,
				DDF961351A7E9E0300AC8A0B /* Top_NavBG.png */,
				DDF961361A7E9E0300AC8A0B /* Top_NavBG@2x.png */,
			);
			path = 06_Settings;
			sourceTree = "<group>";
		};
		DDF961371A7E9E0300AC8A0B /* 07_Profile_Edit */ = {
			isa = PBXGroup;
			children = (
				DDF961381A7E9E0300AC8A0B /* About_BG.png */,
				DDF961391A7E9E0300AC8A0B /* About_BG@2x.png */,
				DDF9613A1A7E9E0300AC8A0B /* back-icon.png */,
				DDF9613B1A7E9E0300AC8A0B /* back-icon@2x.png */,
				DDF9613C1A7E9E0300AC8A0B /* BG.png */,
				DDF9613D1A7E9E0300AC8A0B /* BG@2x.png */,
				DDF9613E1A7E9E0300AC8A0B /* menu-icon.png */,
				DDF9613F1A7E9E0300AC8A0B /* menu-icon@2x.png */,
				DDF961401A7E9E0300AC8A0B /* SettingIcon.png */,
				DDF961411A7E9E0300AC8A0B /* SettingIcon@2x.png */,
				DDF961421A7E9E0300AC8A0B /* Top_NavBG.png */,
				DDF961431A7E9E0300AC8A0B /* Top_NavBG@2x.png */,
				DDF961441A7E9E0300AC8A0B /* UserImage.png */,
				DDF961451A7E9E0300AC8A0B /* UserImage@2x.png */,
			);
			path = 07_Profile_Edit;
			sourceTree = "<group>";
		};
		DDF961461A7E9E0300AC8A0B /* 08_Match */ = {
			isa = PBXGroup;
			children = (
				DDF961471A7E9E0300AC8A0B /* ChatNow_Icon.png */,
				DDF961481A7E9E0300AC8A0B /* ChatNow_Icon@2x.png */,
				DDF961491A7E9E0300AC8A0B /* Close-Button.png */,
				DDF9614A1A7E9E0300AC8A0B /* Close-Button@2x.png */,
			);
			path = 08_Match;
			sourceTree = "<group>";
		};
		DDF9614B1A7E9E0300AC8A0B /* _44px_Icon */ = {
			isa = PBXGroup;
			children = (
				DDF9614C1A7E9E0300AC8A0B /* back-icon.png */,
				DDF9614D1A7E9E0300AC8A0B /* back-icon@2x.png */,
				DDF9614E1A7E9E0300AC8A0B /* ChatIcon.png */,
				DDF9614F1A7E9E0300AC8A0B /* ChatIcon@2x.png */,
				DDF961501A7E9E0300AC8A0B /* SettingIcon.png */,
				DDF961511A7E9E0300AC8A0B /* SettingIcon@2x.png */,
			);
			path = _44px_Icon;
			sourceTree = "<group>";
		};
		DDF961521A7E9E0300AC8A0B /* appicon */ = {
			isa = PBXGroup;
			children = (
				DDF961531A7E9E0300AC8A0B /* _Source */,
				DDF961551A7E9E0300AC8A0B /* ios */,
				DDF961601A7E9E0300AC8A0B /* ios7 */,
			);
			path = appicon;
			sourceTree = "<group>";
		};
		DDF961531A7E9E0300AC8A0B /* _Source */ = {
			isa = PBXGroup;
			children = (
				DDF961541A7E9E0300AC8A0B /* 1024_icon-1-01.png */,
			);
			path = _Source;
			sourceTree = "<group>";
		};
		DDF961551A7E9E0300AC8A0B /* ios */ = {
			isa = PBXGroup;
			children = (
				DDF961561A7E9E0300AC8A0B /* Icon-72.png */,
				DDF961571A7E9E0300AC8A0B /* Icon-72@2x.png */,
				DDF961581A7E9E0300AC8A0B /* Icon-Small-50.png */,
				DDF961591A7E9E0300AC8A0B /* Icon-Small-50@2x.png */,
				DDF9615A1A7E9E0300AC8A0B /* Icon-Small.png */,
				DDF9615B1A7E9E0300AC8A0B /* Icon-Small@2x.png */,
				DDF9615C1A7E9E0300AC8A0B /* Icon.png */,
				DDF9615D1A7E9E0300AC8A0B /* Icon@2x.png */,
				DDF9615E1A7E9E0300AC8A0B /* iTunesArtwork.png */,
				DDF9615F1A7E9E0300AC8A0B /* iTunesArtwork@2x.png */,
			);
			path = ios;
			sourceTree = "<group>";
		};
		DDF961601A7E9E0300AC8A0B /* ios7 */ = {
			isa = PBXGroup;
			children = (
				DDF961611A7E9E0300AC8A0B /* Icon-40.png */,
				DDF961621A7E9E0300AC8A0B /* Icon-40@2x.png */,
				DDF961631A7E9E0300AC8A0B /* Icon-60.png */,
				DDF961641A7E9E0300AC8A0B /* Icon-60@2x.png */,
				DDF961651A7E9E0300AC8A0B /* Icon-72.png */,
				DDF961661A7E9E0300AC8A0B /* Icon-72@2x.png */,
				DDF961671A7E9E0300AC8A0B /* Icon-76.png */,
				DDF961681A7E9E0300AC8A0B /* Icon-76@2x.png */,
				DDF961691A7E9E0300AC8A0B /* Icon-Small-50.png */,
				DDF9616A1A7E9E0300AC8A0B /* Icon-Small-50@2x.png */,
				DDF9616B1A7E9E0300AC8A0B /* Icon-Small.png */,
				DDF9616C1A7E9E0300AC8A0B /* Icon-Small@2x.png */,
				DDF9616D1A7E9E0300AC8A0B /* Icon.png */,
				DDF9616E1A7E9E0300AC8A0B /* Icon@2x.png */,
				DDF9616F1A7E9E0300AC8A0B /* iTunesArtwork.png */,
				DDF961701A7E9E0300AC8A0B /* iTunesArtwork@2x.png */,
			);
			path = ios7;
			sourceTree = "<group>";
		};
/* End PBXGroup section */

/* Begin PBXNativeTarget section */
		DD9F99411A62D818005B4445 /* MatchedUp */ = {
			isa = PBXNativeTarget;
			buildConfigurationList = DD9F99681A62D818005B4445 /* Build configuration list for PBXNativeTarget "MatchedUp" */;
			buildPhases = (
				429B31AFC3EBBA8BB08F1B59 /* Check Pods Manifest.lock */,
				DD9F993E1A62D818005B4445 /* Sources */,
				DD9F993F1A62D818005B4445 /* Frameworks */,
				DD9F99401A62D818005B4445 /* Resources */,
				A617225761D7B113778DBBB7 /* Copy Pods Resources */,
			);
			buildRules = (
			);
			dependencies = (
			);
			name = MatchedUp;
			productName = MatchedUp;
			productReference = DD9F99421A62D818005B4445 /* MatchedUp.app */;
			productType = "com.apple.product-type.application";
		};
		DD9F995D1A62D818005B4445 /* MatchedUpTests */ = {
			isa = PBXNativeTarget;
			buildConfigurationList = DD9F996B1A62D818005B4445 /* Build configuration list for PBXNativeTarget "MatchedUpTests" */;
			buildPhases = (
				DD9F995A1A62D818005B4445 /* Sources */,
				DD9F995B1A62D818005B4445 /* Frameworks */,
				DD9F995C1A62D818005B4445 /* Resources */,
			);
			buildRules = (
			);
			dependencies = (
				DD9F99601A62D818005B4445 /* PBXTargetDependency */,
			);
			name = MatchedUpTests;
			productName = MatchedUpTests;
			productReference = DD9F995E1A62D818005B4445 /* MatchedUpTests.xctest */;
			productType = "com.apple.product-type.bundle.unit-test";
		};
/* End PBXNativeTarget section */

/* Begin PBXProject section */
		DD9F993A1A62D818005B4445 /* Project object */ = {
			isa = PBXProject;
			attributes = {
				LastUpgradeCheck = 0610;
				ORGANIZATIONNAME = "Tom Pullen";
				TargetAttributes = {
					DD9F99411A62D818005B4445 = {
						CreatedOnToolsVersion = 6.1.1;
					};
					DD9F995D1A62D818005B4445 = {
						CreatedOnToolsVersion = 6.1.1;
						TestTargetID = DD9F99411A62D818005B4445;
					};
				};
			};
			buildConfigurationList = DD9F993D1A62D818005B4445 /* Build configuration list for PBXProject "MatchedUp" */;
			compatibilityVersion = "Xcode 3.2";
			developmentRegion = English;
			hasScannedForEncodings = 0;
			knownRegions = (
				en,
				Base,
			);
			mainGroup = DD9F99391A62D818005B4445;
			productRefGroup = DD9F99431A62D818005B4445 /* Products */;
			projectDirPath = "";
			projectRoot = "";
			targets = (
				DD9F99411A62D818005B4445 /* MatchedUp */,
				DD9F995D1A62D818005B4445 /* MatchedUpTests */,
			);
		};
/* End PBXProject section */

/* Begin PBXResourcesBuildPhase section */
		DD9F99401A62D818005B4445 /* Resources */ = {
			isa = PBXResourcesBuildPhase;
			buildActionMask = 2147483647;
			files = (
				DD507BBE1A71AC4300F5EF47 /* person3.jpg in Resources */,
				DDF961CE1A7E9E0300AC8A0B /* SettingIcon.png in Resources */,
				DDF961E21A7E9E0300AC8A0B /* Close-Button.png in Resources */,
				DDF961991A7E9E0300AC8A0B /* InfoIcon@2x.png in Resources */,
				DDF961F71A7E9E0300AC8A0B /* Icon-60.png in Resources */,
				DDF961EF1A7E9E0300AC8A0B /* Icon-Small.png in Resources */,
				DDF961A01A7E9E0300AC8A0B /* SettingIcon.png in Resources */,
				DDF9619A1A7E9E0300AC8A0B /* LikeIcon.png in Resources */,
				DDF961CA1A7E9E0300AC8A0B /* Logout.png in Resources */,
				DDF961DB1A7E9E0300AC8A0B /* SettingIcon@2x.png in Resources */,
				DDF961AE1A7E9E0300AC8A0B /* Chat_user.png in Resources */,
				DDF961B01A7E9E0300AC8A0B /* menu-icon.png in Resources */,
				DDF961D91A7E9E0300AC8A0B /* menu-icon@2x.png in Resources */,
				DDF961C91A7E9E0300AC8A0B /* EditProfile@2x.png in Resources */,
				DDF961AA1A7E9E0300AC8A0B /* back-icon.png in Resources */,
				DDF961F81A7E9E0300AC8A0B /* Icon-60@2x.png in Resources */,
				DDF962001A7E9E0300AC8A0B /* Icon-Small@2x.png in Resources */,
				DDF961B21A7E9E0300AC8A0B /* SettingIcon.png in Resources */,
				DDF961BD1A7E9E0300AC8A0B /* menu-icon@2x.png in Resources */,
				DDF961921A7E9E0300AC8A0B /* BG.png in Resources */,
				DDF961B51A7E9E0300AC8A0B /* Top_NavBG@2x.png in Resources */,
				DDF961BB1A7E9E0300AC8A0B /* form@2x.png in Resources */,
				DDF961A41A7E9E0300AC8A0B /* StatusIcon.png in Resources */,
				DDF961FE1A7E9E0300AC8A0B /* Icon-Small-50@2x.png in Resources */,
				DDF9618A1A7E9E0300AC8A0B /* User_Image.png in Resources */,
				DDF961CB1A7E9E0300AC8A0B /* Logout@2x.png in Resources */,
				DDF961E31A7E9E0300AC8A0B /* Close-Button@2x.png in Resources */,
				DDF961CF1A7E9E0300AC8A0B /* SettingIcon@2x.png in Resources */,
				DDF961F51A7E9E0300AC8A0B /* Icon-40.png in Resources */,
				DDF961A11A7E9E0300AC8A0B /* SettingIcon@2x.png in Resources */,
				DDF961AC1A7E9E0300AC8A0B /* BG.png in Resources */,
				DDF961F91A7E9E0300AC8A0B /* Icon-72.png in Resources */,
				DDF961901A7E9E0300AC8A0B /* AgeIcon.png in Resources */,
				DDF961C61A7E9E0300AC8A0B /* BG.png in Resources */,
				DDF961C41A7E9E0300AC8A0B /* back-icon.png in Resources */,
				DDF961CC1A7E9E0300AC8A0B /* menu-icon.png in Resources */,
				DDF961D31A7E9E0300AC8A0B /* About_BG@2x.png in Resources */,
				DDF9619B1A7E9E0300AC8A0B /* LikeIcon@2x.png in Resources */,
				DDF961811A7E9E0300AC8A0B /* InfoIcon@2x.png in Resources */,
				DDF9618D1A7E9E0300AC8A0B /* VP_BG@2x.png in Resources */,
				DDF961B41A7E9E0300AC8A0B /* Top_NavBG.png in Resources */,
				DDF961FB1A7E9E0300AC8A0B /* Icon-76.png in Resources */,
				DDF961881A7E9E0300AC8A0B /* Top_NavBG.png in Resources */,
				DD507BBC1A71AC4300F5EF47 /* person1.jpeg in Resources */,
				DDF961801A7E9E0300AC8A0B /* InfoIcon.png in Resources */,
				DDF961E71A7E9E0300AC8A0B /* ChatIcon@2x.png in Resources */,
				DDF962041A7E9E0300AC8A0B /* iTunesArtwork@2x.png in Resources */,
				DDF961A51A7E9E0300AC8A0B /* StatusIcon@2x.png in Resources */,
				DDF961841A7E9E0300AC8A0B /* Matched-Up.png in Resources */,
				DDF962051A7E9E0300AC8A0B /* Matched_Up_DesignV3_red.pdf in Resources */,
				DDF961CD1A7E9E0300AC8A0B /* menu-icon@2x.png in Resources */,
				DDF961D41A7E9E0300AC8A0B /* back-icon.png in Resources */,
				DD9F99541A62D818005B4445 /* Main.storyboard in Resources */,
				DDF961851A7E9E0300AC8A0B /* Matched-Up@2x.png in Resources */,
				DDF961861A7E9E0300AC8A0B /* SettingIcon.png in Resources */,
				DD9F99591A62D818005B4445 /* LaunchScreen.xib in Resources */,
				DD507BBF1A71AC4300F5EF47 /* person4.jpeg in Resources */,
				DDF961941A7E9E0300AC8A0B /* ChatIcon.png in Resources */,
				DDF9618F1A7E9E0300AC8A0B /* About_BG@2x.png in Resources */,
				DDF9617D1A7E9E0300AC8A0B /* ChatIcon@2x.png in Resources */,
				DDF961B71A7E9E0300AC8A0B /* back-icon@2x.png in Resources */,
				DDF961C51A7E9E0300AC8A0B /* back-icon@2x.png in Resources */,
				DDF961D71A7E9E0300AC8A0B /* BG@2x.png in Resources */,
				DDF961E51A7E9E0300AC8A0B /* back-icon@2x.png in Resources */,
				DDF961AD1A7E9E0300AC8A0B /* BG@2x.png in Resources */,
				DDF961AB1A7E9E0300AC8A0B /* back-icon@2x.png in Resources */,
				DDF962021A7E9E0300AC8A0B /* Icon@2x.png in Resources */,
				DDF9618B1A7E9E0300AC8A0B /* User_Image@2x.png in Resources */,
				DDF961ED1A7E9E0300AC8A0B /* Icon-Small-50.png in Resources */,
				DDF961D21A7E9E0300AC8A0B /* About_BG.png in Resources */,
				DDF961C11A7E9E0300AC8A0B /* SettingIcon@2x.png in Resources */,
				DDF961911A7E9E0300AC8A0B /* AgeIcon@2x.png in Resources */,
				DDF961FC1A7E9E0300AC8A0B /* Icon-76@2x.png in Resources */,
				DDF961F41A7E9E0300AC8A0B /* iTunesArtwork@2x.png in Resources */,
				DDF961D61A7E9E0300AC8A0B /* BG.png in Resources */,
				DDF961EB1A7E9E0300AC8A0B /* Icon-72.png in Resources */,
				DDF961831A7E9E0300AC8A0B /* LikeIcon@2x.png in Resources */,
				DDF961891A7E9E0300AC8A0B /* Top_NavBG@2x.png in Resources */,
				DDF961EE1A7E9E0300AC8A0B /* Icon-Small-50@2x.png in Resources */,
				DDF9617E1A7E9E0300AC8A0B /* DislikeIcon.png in Resources */,
				DDF961F11A7E9E0300AC8A0B /* Icon.png in Resources */,
				DDF961E11A7E9E0300AC8A0B /* ChatNow_Icon@2x.png in Resources */,
				DDF961EA1A7E9E0300AC8A0B /* 1024_icon-1-01.png in Resources */,
				DDF961D51A7E9E0300AC8A0B /* back-icon@2x.png in Resources */,
				DDF961FA1A7E9E0300AC8A0B /* Icon-72@2x.png in Resources */,
				DDF9617B1A7E9E0300AC8A0B /* BG@2x.png in Resources */,
				DDF961821A7E9E0300AC8A0B /* LikeIcon.png in Resources */,
				DDF9619C1A7E9E0300AC8A0B /* location.png in Resources */,
				DDF961DA1A7E9E0300AC8A0B /* SettingIcon.png in Resources */,
				DDF961DD1A7E9E0300AC8A0B /* Top_NavBG@2x.png in Resources */,
				DDF9617A1A7E9E0300AC8A0B /* BG.png in Resources */,
				DDF961F31A7E9E0300AC8A0B /* iTunesArtwork.png in Resources */,
				DDF961741A7E9E0300AC8A0B /* BG.png in Resources */,
				DDF961D81A7E9E0300AC8A0B /* menu-icon.png in Resources */,
				DDF961BF1A7E9E0300AC8A0B /* Send_Bar_BG@2x.png in Resources */,
				DDF9619E1A7E9E0300AC8A0B /* NameAgeStatusBar.png in Resources */,
				DDF962031A7E9E0300AC8A0B /* iTunesArtwork.png in Resources */,
				DDF961A21A7E9E0300AC8A0B /* Single.png in Resources */,
				DDF961B91A7E9E0300AC8A0B /* BG@2x.png in Resources */,
				DDF961E81A7E9E0300AC8A0B /* SettingIcon.png in Resources */,
				DDF961971A7E9E0300AC8A0B /* DislikeIcon@2x.png in Resources */,
				DDF961F21A7E9E0300AC8A0B /* Icon@2x.png in Resources */,
				DDF961721A7E9E0300AC8A0B /* BG.png in Resources */,
				DDF961FD1A7E9E0300AC8A0B /* Icon-Small-50.png in Resources */,
				DDF961A61A7E9E0300AC8A0B /* UserImage.png in Resources */,
				DDF961871A7E9E0300AC8A0B /* SettingIcon@2x.png in Resources */,
				DDF960CD1A7E77DD00AC8A0B /* defaultPrefsFile.plist in Resources */,
				DDF961731A7E9E0300AC8A0B /* BG@2x.png in Resources */,
				DDF9617F1A7E9E0300AC8A0B /* DislikeIcon@2x.png in Resources */,
				DDF961E91A7E9E0300AC8A0B /* SettingIcon@2x.png in Resources */,
				DDF961BC1A7E9E0300AC8A0B /* menu-icon.png in Resources */,
				DDF961F01A7E9E0300AC8A0B /* Icon-Small@2x.png in Resources */,
				DDF9618C1A7E9E0300AC8A0B /* VP_BG.png in Resources */,
				DDF961C21A7E9E0300AC8A0B /* Top_NavBG.png in Resources */,
				DDF961BA1A7E9E0300AC8A0B /* form.png in Resources */,
				DDF961B81A7E9E0300AC8A0B /* BG.png in Resources */,
				DDF9619F1A7E9E0300AC8A0B /* NameAgeStatusBar@2x.png in Resources */,
				DDF961E41A7E9E0300AC8A0B /* back-icon.png in Resources */,
				DDF961961A7E9E0300AC8A0B /* DislikeIcon.png in Resources */,
				DDF961C71A7E9E0300AC8A0B /* BG@2x.png in Resources */,
				DDF961791A7E9E0300AC8A0B /* Logo@2x.png in Resources */,
				DDF961C01A7E9E0300AC8A0B /* SettingIcon.png in Resources */,
				DDF961981A7E9E0300AC8A0B /* InfoIcon.png in Resources */,
				DDF961A71A7E9E0300AC8A0B /* UserImage@2x.png in Resources */,
				DDF961BE1A7E9E0300AC8A0B /* Send_Bar_BG.png in Resources */,
				DDF961DC1A7E9E0300AC8A0B /* Top_NavBG.png in Resources */,
				DDF961B11A7E9E0300AC8A0B /* menu-icon@2x.png in Resources */,
				DDF961C81A7E9E0300AC8A0B /* EditProfile.png in Resources */,
				DDF962011A7E9E0300AC8A0B /* Icon.png in Resources */,
				DDF961A31A7E9E0300AC8A0B /* Single@2x.png in Resources */,
				DDF9619D1A7E9E0300AC8A0B /* location@2x.png in Resources */,
				DDF961EC1A7E9E0300AC8A0B /* Icon-72@2x.png in Resources */,
				DDF961D01A7E9E0300AC8A0B /* Top_NavBG.png in Resources */,
				DDF961B31A7E9E0300AC8A0B /* SettingIcon@2x.png in Resources */,
				DDF961FF1A7E9E0300AC8A0B /* Icon-Small.png in Resources */,
				DDF961F61A7E9E0300AC8A0B /* Icon-40@2x.png in Resources */,
				DDF961AF1A7E9E0300AC8A0B /* Chat_user@2x.png in Resources */,
				DDF961E61A7E9E0300AC8A0B /* ChatIcon.png in Resources */,
				DD9F99561A62D818005B4445 /* Images.xcassets in Resources */,
				DDF961771A7E9E0300AC8A0B /* Facebook@2x.png in Resources */,
				DDF961B61A7E9E0300AC8A0B /* back-icon.png in Resources */,
				DDF961A81A7E9E0300AC8A0B /* VP_BG.png in Resources */,
				DDF961A91A7E9E0300AC8A0B /* VP_BG@2x.png in Resources */,
				DDF961C31A7E9E0300AC8A0B /* Top_NavBG@2x.png in Resources */,
				DDF961761A7E9E0300AC8A0B /* Facebook.png in Resources */,
				DDF9618E1A7E9E0300AC8A0B /* About_BG.png in Resources */,
				DDF961781A7E9E0300AC8A0B /* Logo.png in Resources */,
				DD507BBD1A71AC4300F5EF47 /* person2.jpeg in Resources */,
				DDF961751A7E9E0300AC8A0B /* BG@2x.png in Resources */,
				DDF961951A7E9E0300AC8A0B /* ChatIcon@2x.png in Resources */,
				DDF961D11A7E9E0300AC8A0B /* Top_NavBG@2x.png in Resources */,
				DDF9617C1A7E9E0300AC8A0B /* ChatIcon.png in Resources */,
				DDF961DF1A7E9E0300AC8A0B /* UserImage@2x.png in Resources */,
				DDF961931A7E9E0300AC8A0B /* BG@2x.png in Resources */,
				DDF961E01A7E9E0300AC8A0B /* ChatNow_Icon.png in Resources */,
				DDF961DE1A7E9E0300AC8A0B /* UserImage.png in Resources */,
			);
			runOnlyForDeploymentPostprocessing = 0;
		};
		DD9F995C1A62D818005B4445 /* Resources */ = {
			isa = PBXResourcesBuildPhase;
			buildActionMask = 2147483647;
			files = (
			);
			runOnlyForDeploymentPostprocessing = 0;
		};
/* End PBXResourcesBuildPhase section */

/* Begin PBXShellScriptBuildPhase section */
		429B31AFC3EBBA8BB08F1B59 /* Check Pods Manifest.lock */ = {
			isa = PBXShellScriptBuildPhase;
			buildActionMask = 2147483647;
			files = (
			);
			inputPaths = (
			);
			name = "Check Pods Manifest.lock";
			outputPaths = (
			);
			runOnlyForDeploymentPostprocessing = 0;
			shellPath = /bin/sh;
			shellScript = "diff \"${PODS_ROOT}/../Podfile.lock\" \"${PODS_ROOT}/Manifest.lock\" > /dev/null\nif [[ $? != 0 ]] ; then\n    cat << EOM\nerror: The sandbox is not in sync with the Podfile.lock. Run 'pod install' or update your CocoaPods installation.\nEOM\n    exit 1\nfi\n";
			showEnvVarsInLog = 0;
		};
		A617225761D7B113778DBBB7 /* Copy Pods Resources */ = {
			isa = PBXShellScriptBuildPhase;
			buildActionMask = 2147483647;
			files = (
			);
			inputPaths = (
			);
			name = "Copy Pods Resources";
			outputPaths = (
			);
			runOnlyForDeploymentPostprocessing = 0;
			shellPath = /bin/sh;
			shellScript = "\"${SRCROOT}/Pods/Target Support Files/Pods/Pods-resources.sh\"\n";
			showEnvVarsInLog = 0;
		};
/* End PBXShellScriptBuildPhase section */

/* Begin PBXSourcesBuildPhase section */
		DD9F993E1A62D818005B4445 /* Sources */ = {
			isa = PBXSourcesBuildPhase;
			buildActionMask = 2147483647;
			files = (
				DD9F994B1A62D818005B4445 /* AppDelegate.m in Sources */,
				DD01FEDB1A76DE58004D1A4A /* MatchesViewController.m in Sources */,
				DDDE03C81A76E051007F539B /* ChatViewController.m in Sources */,
				DD9F99701A62D8AF005B4445 /* LogInViewController.m in Sources */,
				DD4BB1831A82B52500170CF9 /* TransistionAnimator.m in Sources */,
				DD612E961A6F000A002B6294 /* ProfileViewController.m in Sources */,
				DD6FFAED1A6DBBB100816CDB /* EditProfileViewController.m in Sources */,
				DD507BB71A71AA4B00F5EF47 /* TestUser.m in Sources */,
				DD9F99481A62D818005B4445 /* main.m in Sources */,
				DD6FFAE91A6D8E6000816CDB /* SettingsViewController.m in Sources */,
				DD6FFAE51A6D8BEC00816CDB /* HomeViewController.m in Sources */,
				DD01FED71A76DCB6004D1A4A /* MatchViewController.m in Sources */,
				DD7CE0DE1A65C92700691BDD /* Constants.m in Sources */,
			);
			runOnlyForDeploymentPostprocessing = 0;
		};
		DD9F995A1A62D818005B4445 /* Sources */ = {
			isa = PBXSourcesBuildPhase;
			buildActionMask = 2147483647;
			files = (
				DD9F99651A62D818005B4445 /* MatchedUpTests.m in Sources */,
			);
			runOnlyForDeploymentPostprocessing = 0;
		};
/* End PBXSourcesBuildPhase section */

/* Begin PBXTargetDependency section */
		DD9F99601A62D818005B4445 /* PBXTargetDependency */ = {
			isa = PBXTargetDependency;
			target = DD9F99411A62D818005B4445 /* MatchedUp */;
			targetProxy = DD9F995F1A62D818005B4445 /* PBXContainerItemProxy */;
		};
/* End PBXTargetDependency section */

/* Begin PBXVariantGroup section */
		DD9F99521A62D818005B4445 /* Main.storyboard */ = {
			isa = PBXVariantGroup;
			children = (
				DD9F99531A62D818005B4445 /* Base */,
			);
			name = Main.storyboard;
			sourceTree = "<group>";
		};
		DD9F99571A62D818005B4445 /* LaunchScreen.xib */ = {
			isa = PBXVariantGroup;
			children = (
				DD9F99581A62D818005B4445 /* Base */,
			);
			name = LaunchScreen.xib;
			sourceTree = "<group>";
		};
/* End PBXVariantGroup section */

/* Begin XCBuildConfiguration section */
		DD9F99661A62D818005B4445 /* Debug */ = {
			isa = XCBuildConfiguration;
			buildSettings = {
				ALWAYS_SEARCH_USER_PATHS = NO;
				CLANG_CXX_LANGUAGE_STANDARD = "gnu++0x";
				CLANG_CXX_LIBRARY = "libc++";
				CLANG_ENABLE_MODULES = YES;
				CLANG_ENABLE_OBJC_ARC = YES;
				CLANG_WARN_BOOL_CONVERSION = YES;
				CLANG_WARN_CONSTANT_CONVERSION = YES;
				CLANG_WARN_DIRECT_OBJC_ISA_USAGE = YES_ERROR;
				CLANG_WARN_EMPTY_BODY = YES;
				CLANG_WARN_ENUM_CONVERSION = YES;
				CLANG_WARN_INT_CONVERSION = YES;
				CLANG_WARN_OBJC_ROOT_CLASS = YES_ERROR;
				CLANG_WARN_UNREACHABLE_CODE = YES;
				CLANG_WARN__DUPLICATE_METHOD_MATCH = YES;
				"CODE_SIGN_IDENTITY[sdk=iphoneos*]" = "iPhone Developer";
				COPY_PHASE_STRIP = NO;
				ENABLE_STRICT_OBJC_MSGSEND = YES;
				GCC_C_LANGUAGE_STANDARD = gnu99;
				GCC_DYNAMIC_NO_PIC = NO;
				GCC_OPTIMIZATION_LEVEL = 0;
				GCC_PREPROCESSOR_DEFINITIONS = (
					"DEBUG=1",
					"$(inherited)",
				);
				GCC_SYMBOLS_PRIVATE_EXTERN = NO;
				GCC_WARN_64_TO_32_BIT_CONVERSION = YES;
				GCC_WARN_ABOUT_RETURN_TYPE = YES_ERROR;
				GCC_WARN_UNDECLARED_SELECTOR = YES;
				GCC_WARN_UNINITIALIZED_AUTOS = YES_AGGRESSIVE;
				GCC_WARN_UNUSED_FUNCTION = YES;
				GCC_WARN_UNUSED_VARIABLE = YES;
				IPHONEOS_DEPLOYMENT_TARGET = 8.1;
				MTL_ENABLE_DEBUG_INFO = YES;
				ONLY_ACTIVE_ARCH = YES;
				SDKROOT = iphoneos;
			};
			name = Debug;
		};
		DD9F99671A62D818005B4445 /* Release */ = {
			isa = XCBuildConfiguration;
			buildSettings = {
				ALWAYS_SEARCH_USER_PATHS = NO;
				CLANG_CXX_LANGUAGE_STANDARD = "gnu++0x";
				CLANG_CXX_LIBRARY = "libc++";
				CLANG_ENABLE_MODULES = YES;
				CLANG_ENABLE_OBJC_ARC = YES;
				CLANG_WARN_BOOL_CONVERSION = YES;
				CLANG_WARN_CONSTANT_CONVERSION = YES;
				CLANG_WARN_DIRECT_OBJC_ISA_USAGE = YES_ERROR;
				CLANG_WARN_EMPTY_BODY = YES;
				CLANG_WARN_ENUM_CONVERSION = YES;
				CLANG_WARN_INT_CONVERSION = YES;
				CLANG_WARN_OBJC_ROOT_CLASS = YES_ERROR;
				CLANG_WARN_UNREACHABLE_CODE = YES;
				CLANG_WARN__DUPLICATE_METHOD_MATCH = YES;
				"CODE_SIGN_IDENTITY[sdk=iphoneos*]" = "iPhone Developer";
				COPY_PHASE_STRIP = YES;
				ENABLE_NS_ASSERTIONS = NO;
				ENABLE_STRICT_OBJC_MSGSEND = YES;
				GCC_C_LANGUAGE_STANDARD = gnu99;
				GCC_WARN_64_TO_32_BIT_CONVERSION = YES;
				GCC_WARN_ABOUT_RETURN_TYPE = YES_ERROR;
				GCC_WARN_UNDECLARED_SELECTOR = YES;
				GCC_WARN_UNINITIALIZED_AUTOS = YES_AGGRESSIVE;
				GCC_WARN_UNUSED_FUNCTION = YES;
				GCC_WARN_UNUSED_VARIABLE = YES;
				IPHONEOS_DEPLOYMENT_TARGET = 8.1;
				MTL_ENABLE_DEBUG_INFO = NO;
				SDKROOT = iphoneos;
				VALIDATE_PRODUCT = YES;
			};
			name = Release;
		};
		DD9F99691A62D818005B4445 /* Debug */ = {
			isa = XCBuildConfiguration;
			baseConfigurationReference = DC5E6D324B3C83220DACC12D /* Pods.debug.xcconfig */;
			buildSettings = {
				ASSETCATALOG_COMPILER_APPICON_NAME = AppIcon;
				GCC_PREFIX_HEADER = "MatchedUp-Prefix.pch";
				INFOPLIST_FILE = MatchedUp/Info.plist;
				LD_RUNPATH_SEARCH_PATHS = "$(inherited) @executable_path/Frameworks";
				PRODUCT_NAME = "$(TARGET_NAME)";
			};
			name = Debug;
		};
		DD9F996A1A62D818005B4445 /* Release */ = {
			isa = XCBuildConfiguration;
			baseConfigurationReference = 62698E773710A99E3454A039 /* Pods.release.xcconfig */;
			buildSettings = {
				ASSETCATALOG_COMPILER_APPICON_NAME = AppIcon;
				GCC_PREFIX_HEADER = "MatchedUp-Prefix.pch";
				INFOPLIST_FILE = MatchedUp/Info.plist;
				LD_RUNPATH_SEARCH_PATHS = "$(inherited) @executable_path/Frameworks";
				PRODUCT_NAME = "$(TARGET_NAME)";
			};
			name = Release;
		};
		DD9F996C1A62D818005B4445 /* Debug */ = {
			isa = XCBuildConfiguration;
			buildSettings = {
				BUNDLE_LOADER = "$(TEST_HOST)";
				FRAMEWORK_SEARCH_PATHS = (
					"$(SDKROOT)/Developer/Library/Frameworks",
					"$(inherited)",
				);
				GCC_PREPROCESSOR_DEFINITIONS = (
					"DEBUG=1",
					"$(inherited)",
				);
				INFOPLIST_FILE = MatchedUpTests/Info.plist;
				LD_RUNPATH_SEARCH_PATHS = "$(inherited) @executable_path/Frameworks @loader_path/Frameworks";
				PRODUCT_NAME = "$(TARGET_NAME)";
				TEST_HOST = "$(BUILT_PRODUCTS_DIR)/MatchedUp.app/MatchedUp";
			};
			name = Debug;
		};
		DD9F996D1A62D818005B4445 /* Release */ = {
			isa = XCBuildConfiguration;
			buildSettings = {
				BUNDLE_LOADER = "$(TEST_HOST)";
				FRAMEWORK_SEARCH_PATHS = (
					"$(SDKROOT)/Developer/Library/Frameworks",
					"$(inherited)",
				);
				INFOPLIST_FILE = MatchedUpTests/Info.plist;
				LD_RUNPATH_SEARCH_PATHS = "$(inherited) @executable_path/Frameworks @loader_path/Frameworks";
				PRODUCT_NAME = "$(TARGET_NAME)";
				TEST_HOST = "$(BUILT_PRODUCTS_DIR)/MatchedUp.app/MatchedUp";
			};
			name = Release;
		};
/* End XCBuildConfiguration section */

/* Begin XCConfigurationList section */
		DD9F993D1A62D818005B4445 /* Build configuration list for PBXProject "MatchedUp" */ = {
			isa = XCConfigurationList;
			buildConfigurations = (
				DD9F99661A62D818005B4445 /* Debug */,
				DD9F99671A62D818005B4445 /* Release */,
			);
			defaultConfigurationIsVisible = 0;
			defaultConfigurationName = Release;
		};
		DD9F99681A62D818005B4445 /* Build configuration list for PBXNativeTarget "MatchedUp" */ = {
			isa = XCConfigurationList;
			buildConfigurations = (
				DD9F99691A62D818005B4445 /* Debug */,
				DD9F996A1A62D818005B4445 /* Release */,
			);
			defaultConfigurationIsVisible = 0;
			defaultConfigurationName = Release;
		};
		DD9F996B1A62D818005B4445 /* Build configuration list for PBXNativeTarget "MatchedUpTests" */ = {
			isa = XCConfigurationList;
			buildConfigurations = (
				DD9F996C1A62D818005B4445 /* Debug */,
				DD9F996D1A62D818005B4445 /* Release */,
			);
			defaultConfigurationIsVisible = 0;
			defaultConfigurationName = Release;
		};
/* End XCConfigurationList section */
	};
	rootObject = DD9F993A1A62D818005B4445 /* Project object */;
}
